// !$*UTF8*$!
{
	archiveVersion = 1;
	classes = {
	};
	objectVersion = 56;
	objects = {

/* Begin PBXBuildFile section */
		1F08EC9E2AFEDC08007263AF /* SearchButton.swift in Sources */ = {isa = PBXBuildFile; fileRef = 1F08EC9D2AFEDC08007263AF /* SearchButton.swift */; };
		1F08ECA02AFEE231007263AF /* CafeCarouselView.swift in Sources */ = {isa = PBXBuildFile; fileRef = 1F08EC9F2AFEE231007263AF /* CafeCarouselView.swift */; };
		1F0AB5F12AFADA5D0036C759 /* LoadImageManager.swift in Sources */ = {isa = PBXBuildFile; fileRef = 1F0AB5F02AFADA5D0036C759 /* LoadImageManager.swift */; };
		1F11764E2AB5DD9700E00180 /* LoaderView.swift in Sources */ = {isa = PBXBuildFile; fileRef = 1F11764D2AB5DD9700E00180 /* LoaderView.swift */; };
		1F1176502AB950C200E00180 /* CafeListItem.swift in Sources */ = {isa = PBXBuildFile; fileRef = 1F11764F2AB950C200E00180 /* CafeListItem.swift */; };
		1F248E322AA501C7002ACA5E /* CafeListViewController.swift in Sources */ = {isa = PBXBuildFile; fileRef = 1F248E312AA501C7002ACA5E /* CafeListViewController.swift */; };
		1F248E342AA501DD002ACA5E /* CafeListView.swift in Sources */ = {isa = PBXBuildFile; fileRef = 1F248E332AA501DD002ACA5E /* CafeListView.swift */; };
		1F2491362ACB37CC00A11802 /* CoordinateLocation+Extension.swift in Sources */ = {isa = PBXBuildFile; fileRef = 1F2491352ACB37CC00A11802 /* CoordinateLocation+Extension.swift */; };
		1F2491382ACB3BAE00A11802 /* CustomModalViewController.swift in Sources */ = {isa = PBXBuildFile; fileRef = 1F2491372ACB3BAE00A11802 /* CustomModalViewController.swift */; };
		1F24913A2ACB3CEF00A11802 /* ModalView.swift in Sources */ = {isa = PBXBuildFile; fileRef = 1F2491392ACB3CEF00A11802 /* ModalView.swift */; };
		1F2E0A9E2A8904F600C990E1 /* EmailInput.swift in Sources */ = {isa = PBXBuildFile; fileRef = 1F2E0A9D2A8904F600C990E1 /* EmailInput.swift */; };
		1F2E0AA12A8C306300C990E1 /* PasswordInput.swift in Sources */ = {isa = PBXBuildFile; fileRef = 1F2E0AA02A8C306300C990E1 /* PasswordInput.swift */; };
		1F2E0AA32A8D5C3800C990E1 /* BaseButton.swift in Sources */ = {isa = PBXBuildFile; fileRef = 1F2E0AA22A8D5C3800C990E1 /* BaseButton.swift */; };
		1F2E0AA52A8D627500C990E1 /* Colors.swift in Sources */ = {isa = PBXBuildFile; fileRef = 1F2E0AA42A8D627400C990E1 /* Colors.swift */; };
		1F2E0AA72A8D6A4600C990E1 /* RegistrationButton.swift in Sources */ = {isa = PBXBuildFile; fileRef = 1F2E0AA62A8D6A4600C990E1 /* RegistrationButton.swift */; };
		1F2E0AA92A8D766100C990E1 /* BaseInput.swift in Sources */ = {isa = PBXBuildFile; fileRef = 1F2E0AA82A8D766100C990E1 /* BaseInput.swift */; };
		1F2E0AAB2A92236100C990E1 /* RegistrationView.swift in Sources */ = {isa = PBXBuildFile; fileRef = 1F2E0AAA2A92236100C990E1 /* RegistrationView.swift */; };
		1F2E0AAF2A923ED000C990E1 /* BaseAuthView.swift in Sources */ = {isa = PBXBuildFile; fileRef = 1F2E0AAE2A923ED000C990E1 /* BaseAuthView.swift */; };
		1F3411722A9A358D007F228C /* ErrorView.swift in Sources */ = {isa = PBXBuildFile; fileRef = 1F3411712A9A358D007F228C /* ErrorView.swift */; };
		1F3411742A9A35B2007F228C /* ErrorViewController.swift in Sources */ = {isa = PBXBuildFile; fileRef = 1F3411732A9A35B2007F228C /* ErrorViewController.swift */; };
		1F44C1FE2A94030200613176 /* ValidationStrategy.swift in Sources */ = {isa = PBXBuildFile; fileRef = 1F44C1FD2A94030200613176 /* ValidationStrategy.swift */; };
		1F4918102AED8FD40011CCDE /* DrawerMenuViewController.swift in Sources */ = {isa = PBXBuildFile; fileRef = 1F49180F2AED8FD40011CCDE /* DrawerMenuViewController.swift */; };
		1F4918122AED90BC0011CCDE /* DrawerMenuView.swift in Sources */ = {isa = PBXBuildFile; fileRef = 1F4918112AED90BC0011CCDE /* DrawerMenuView.swift */; };
		1F4918142AEE3ECB0011CCDE /* Drawer+Extension.swift in Sources */ = {isa = PBXBuildFile; fileRef = 1F4918132AEE3ECB0011CCDE /* Drawer+Extension.swift */; };
		1F4918162AEECF450011CCDE /* FavoriteViewController.swift in Sources */ = {isa = PBXBuildFile; fileRef = 1F4918152AEECF450011CCDE /* FavoriteViewController.swift */; };
		1F4918182AEECF570011CCDE /* FavoriteView.swift in Sources */ = {isa = PBXBuildFile; fileRef = 1F4918172AEECF570011CCDE /* FavoriteView.swift */; };
		1F49181A2AEED50D0011CCDE /* EmptyView.swift in Sources */ = {isa = PBXBuildFile; fileRef = 1F4918192AEED50D0011CCDE /* EmptyView.swift */; };
		1F4D3C9A2A9D452300915D11 /* ShowErrViewExtention.swift in Sources */ = {isa = PBXBuildFile; fileRef = 1F4D3C992A9D452300915D11 /* ShowErrViewExtention.swift */; };
		1F4D3C9C2A9D477400915D11 /* NotificationCenterManager.swift in Sources */ = {isa = PBXBuildFile; fileRef = 1F4D3C9B2A9D477400915D11 /* NotificationCenterManager.swift */; };
		1F4D3CA22AA137B200915D11 /* rw.mp3 in Resources */ = {isa = PBXBuildFile; fileRef = 1F4D3CA12AA137B200915D11 /* rw.mp3 */; };
		1F52BE982A987E010003995F /* ApiEndpoints.swift in Sources */ = {isa = PBXBuildFile; fileRef = 1F52BE972A987E010003995F /* ApiEndpoints.swift */; };
		1F5C4E4A2AA7A2B100440CAB /* PageLabel.swift in Sources */ = {isa = PBXBuildFile; fileRef = 1F5C4E492AA7A2B100440CAB /* PageLabel.swift */; };
		1F5C4E4C2AA7A53400440CAB /* BackButton.swift in Sources */ = {isa = PBXBuildFile; fileRef = 1F5C4E4B2AA7A53400440CAB /* BackButton.swift */; };
		1F6A5A872B1FC99400B17F71 /* Lobster-Regular.ttf in Resources */ = {isa = PBXBuildFile; fileRef = 1F6A5A862B1FC99400B17F71 /* Lobster-Regular.ttf */; };
		1F6A5A962B1FD55D00B17F71 /* RegistartionViewController.swift in Sources */ = {isa = PBXBuildFile; fileRef = 1F6A5A952B1FD55D00B17F71 /* RegistartionViewController.swift */; };
		1F7D97172ABD82CA0060CE70 /* UIImg + Extension.swift in Sources */ = {isa = PBXBuildFile; fileRef = 1F7D97162ABD82CA0060CE70 /* UIImg + Extension.swift */; };
		1F7D971A2ABD87B80060CE70 /* Ricardo.gif in Resources */ = {isa = PBXBuildFile; fileRef = 1F7D97192ABD87B80060CE70 /* Ricardo.gif */; };
		1F80330D2B153E180002DA7D /* ProductListItem.swift in Sources */ = {isa = PBXBuildFile; fileRef = 1F80330C2B153E180002DA7D /* ProductListItem.swift */; };
		1F80330F2B1541190002DA7D /* ProductCollectionViewCell.swift in Sources */ = {isa = PBXBuildFile; fileRef = 1F80330E2B1541190002DA7D /* ProductCollectionViewCell.swift */; };
		1F8649E72AA53D6100CEB609 /* AuthViewControllerExtension.swift in Sources */ = {isa = PBXBuildFile; fileRef = 1F8649E62AA53D6100CEB609 /* AuthViewControllerExtension.swift */; };
		1F9916622AD33356003306DA /* CafeViewController.swift in Sources */ = {isa = PBXBuildFile; fileRef = 1F9916612AD33356003306DA /* CafeViewController.swift */; };
		1F9916642AD33369003306DA /* CafeView.swift in Sources */ = {isa = PBXBuildFile; fileRef = 1F9916632AD33369003306DA /* CafeView.swift */; };
		1F99166A2AD33E93003306DA /* PageHeaderView.swift in Sources */ = {isa = PBXBuildFile; fileRef = 1F9916692AD33E93003306DA /* PageHeaderView.swift */; };
		1F9922D32A81EB71000852CF /* AppDelegate.swift in Sources */ = {isa = PBXBuildFile; fileRef = 1F9922D22A81EB71000852CF /* AppDelegate.swift */; };
		1F9922D52A81EB71000852CF /* SceneDelegate.swift in Sources */ = {isa = PBXBuildFile; fileRef = 1F9922D42A81EB71000852CF /* SceneDelegate.swift */; };
		1F9922DC2A81EB72000852CF /* Assets.xcassets in Resources */ = {isa = PBXBuildFile; fileRef = 1F9922DB2A81EB72000852CF /* Assets.xcassets */; };
		1F9922DF2A81EB72000852CF /* LaunchScreen.storyboard in Resources */ = {isa = PBXBuildFile; fileRef = 1F9922DD2A81EB72000852CF /* LaunchScreen.storyboard */; };
		1F9922EA2A81EB72000852CF /* CoffeTimeMVCTests.swift in Sources */ = {isa = PBXBuildFile; fileRef = 1F9922E92A81EB72000852CF /* CoffeTimeMVCTests.swift */; };
		1F9922F42A81EB72000852CF /* CoffeTimeMVCUITests.swift in Sources */ = {isa = PBXBuildFile; fileRef = 1F9922F32A81EB72000852CF /* CoffeTimeMVCUITests.swift */; };
		1F9922F62A81EB72000852CF /* CoffeTimeMVCUITestsLaunchTests.swift in Sources */ = {isa = PBXBuildFile; fileRef = 1F9922F52A81EB72000852CF /* CoffeTimeMVCUITestsLaunchTests.swift */; };
		1F9923062A81ECE7000852CF /* LoginViewController.swift in Sources */ = {isa = PBXBuildFile; fileRef = 1F9923052A81ECE7000852CF /* LoginViewController.swift */; };
		1F99230D2A81F7BB000852CF /* CoffeTimeDataList.xcdatamodeld in Sources */ = {isa = PBXBuildFile; fileRef = 1F99230B2A81F7BB000852CF /* CoffeTimeDataList.xcdatamodeld */; };
		1F99230F2A81FE25000852CF /* CoreDataManager.swift in Sources */ = {isa = PBXBuildFile; fileRef = 1F99230E2A81FE25000852CF /* CoreDataManager.swift */; };
		1F9923C02A842D8F000852CF /* ProductAttribute+CoreDataClass.swift in Sources */ = {isa = PBXBuildFile; fileRef = 1F9923B02A842D8F000852CF /* ProductAttribute+CoreDataClass.swift */; };
		1F9923C12A842D8F000852CF /* ProductAttribute+CoreDataProperties.swift in Sources */ = {isa = PBXBuildFile; fileRef = 1F9923B12A842D8F000852CF /* ProductAttribute+CoreDataProperties.swift */; };
		1F9923C22A842D8F000852CF /* Product+CoreDataClass.swift in Sources */ = {isa = PBXBuildFile; fileRef = 1F9923B22A842D8F000852CF /* Product+CoreDataClass.swift */; };
		1F9923C32A842D8F000852CF /* Product+CoreDataProperties.swift in Sources */ = {isa = PBXBuildFile; fileRef = 1F9923B32A842D8F000852CF /* Product+CoreDataProperties.swift */; };
		1F9923C42A842D8F000852CF /* AllCafe+CoreDataClass.swift in Sources */ = {isa = PBXBuildFile; fileRef = 1F9923B42A842D8F000852CF /* AllCafe+CoreDataClass.swift */; };
		1F9923C52A842D8F000852CF /* AllCafe+CoreDataProperties.swift in Sources */ = {isa = PBXBuildFile; fileRef = 1F9923B52A842D8F000852CF /* AllCafe+CoreDataProperties.swift */; };
		1F9923C62A842D8F000852CF /* UserData+CoreDataClass.swift in Sources */ = {isa = PBXBuildFile; fileRef = 1F9923B62A842D8F000852CF /* UserData+CoreDataClass.swift */; };
		1F9923C72A842D8F000852CF /* UserData+CoreDataProperties.swift in Sources */ = {isa = PBXBuildFile; fileRef = 1F9923B72A842D8F000852CF /* UserData+CoreDataProperties.swift */; };
		1F9923C82A842D8F000852CF /* Cafe+CoreDataClass.swift in Sources */ = {isa = PBXBuildFile; fileRef = 1F9923B82A842D8F000852CF /* Cafe+CoreDataClass.swift */; };
		1F9923C92A842D8F000852CF /* Cafe+CoreDataProperties.swift in Sources */ = {isa = PBXBuildFile; fileRef = 1F9923B92A842D8F000852CF /* Cafe+CoreDataProperties.swift */; };
		1F9923CA2A842D8F000852CF /* AllProducts+CoreDataClass.swift in Sources */ = {isa = PBXBuildFile; fileRef = 1F9923BA2A842D8F000852CF /* AllProducts+CoreDataClass.swift */; };
		1F9923CB2A842D8F000852CF /* AllProducts+CoreDataProperties.swift in Sources */ = {isa = PBXBuildFile; fileRef = 1F9923BB2A842D8F000852CF /* AllProducts+CoreDataProperties.swift */; };
		1F9923CC2A842D8F000852CF /* CafeProduct+CoreDataClass.swift in Sources */ = {isa = PBXBuildFile; fileRef = 1F9923BC2A842D8F000852CF /* CafeProduct+CoreDataClass.swift */; };
		1F9923CD2A842D8F000852CF /* CafeProduct+CoreDataProperties.swift in Sources */ = {isa = PBXBuildFile; fileRef = 1F9923BD2A842D8F000852CF /* CafeProduct+CoreDataProperties.swift */; };
		1F9923CE2A842D8F000852CF /* AllCafeProduct+CoreDataClass.swift in Sources */ = {isa = PBXBuildFile; fileRef = 1F9923BE2A842D8F000852CF /* AllCafeProduct+CoreDataClass.swift */; };
		1F9923CF2A842D8F000852CF /* AllCafeProduct+CoreDataProperties.swift in Sources */ = {isa = PBXBuildFile; fileRef = 1F9923BF2A842D8F000852CF /* AllCafeProduct+CoreDataProperties.swift */; };
		1F9923D12A842E34000852CF /* EntityModelMapProtocol.swift in Sources */ = {isa = PBXBuildFile; fileRef = 1F9923D02A842E34000852CF /* EntityModelMapProtocol.swift */; };
		1F9923D32A842F5A000852CF /* ProductModel.swift in Sources */ = {isa = PBXBuildFile; fileRef = 1F9923D22A842F5A000852CF /* ProductModel.swift */; };
		1F9923D52A842F98000852CF /* AllCafeModel.swift in Sources */ = {isa = PBXBuildFile; fileRef = 1F9923D42A842F98000852CF /* AllCafeModel.swift */; };
		1F9923D72A842FC0000852CF /* UserDataModel.swift in Sources */ = {isa = PBXBuildFile; fileRef = 1F9923D62A842FC0000852CF /* UserDataModel.swift */; };
		1F9923D92A842FDF000852CF /* CafeModel.swift in Sources */ = {isa = PBXBuildFile; fileRef = 1F9923D82A842FDF000852CF /* CafeModel.swift */; };
		1F9923DB2A843002000852CF /* AllProductsModel.swift in Sources */ = {isa = PBXBuildFile; fileRef = 1F9923DA2A843002000852CF /* AllProductsModel.swift */; };
		1F9923DD2A8430A8000852CF /* CafeProductModel.swift in Sources */ = {isa = PBXBuildFile; fileRef = 1F9923DC2A8430A8000852CF /* CafeProductModel.swift */; };
		1F9923DF2A8430DF000852CF /* AllCafeProductsModel.swift in Sources */ = {isa = PBXBuildFile; fileRef = 1F9923DE2A8430DF000852CF /* AllCafeProductsModel.swift */; };
		1F9923E12A860ADF000852CF /* ProductService.swift in Sources */ = {isa = PBXBuildFile; fileRef = 1F9923E02A860ADF000852CF /* ProductService.swift */; };
		1F9923E32A860C8A000852CF /* AllCafeService.swift in Sources */ = {isa = PBXBuildFile; fileRef = 1F9923E22A860C8A000852CF /* AllCafeService.swift */; };
		1F9923E52A860CAA000852CF /* UserDataService.swift in Sources */ = {isa = PBXBuildFile; fileRef = 1F9923E42A860CAA000852CF /* UserDataService.swift */; };
		1F9923E72A860CC4000852CF /* CafeService.swift in Sources */ = {isa = PBXBuildFile; fileRef = 1F9923E62A860CC4000852CF /* CafeService.swift */; };
		1F9923E92A860CFF000852CF /* AllProductsService.swift in Sources */ = {isa = PBXBuildFile; fileRef = 1F9923E82A860CFF000852CF /* AllProductsService.swift */; };
		1F9923EB2A860E0A000852CF /* AllCafeProductsService.swift in Sources */ = {isa = PBXBuildFile; fileRef = 1F9923EA2A860E0A000852CF /* AllCafeProductsService.swift */; };
		1F9923ED2A860E40000852CF /* CafeProductService.swift in Sources */ = {isa = PBXBuildFile; fileRef = 1F9923EC2A860E40000852CF /* CafeProductService.swift */; };
		1F9923F42A861040000852CF /* LoginView.swift in Sources */ = {isa = PBXBuildFile; fileRef = 1F9923F32A861040000852CF /* LoginView.swift */; };
		1F9923F62A863215000852CF /* HttpRequestHelper.swift in Sources */ = {isa = PBXBuildFile; fileRef = 1F9923F52A863215000852CF /* HttpRequestHelper.swift */; };
		1F9924282A881091000852CF /* LogoLabel.swift in Sources */ = {isa = PBXBuildFile; fileRef = 1F9924272A881091000852CF /* LogoLabel.swift */; };
		1F99242B2A881402000852CF /* Fonts.swift in Sources */ = {isa = PBXBuildFile; fileRef = 1F99242A2A881402000852CF /* Fonts.swift */; };
		1FD210DC2B1BD03600C90CAD /* CafeProductsMocks.swift in Sources */ = {isa = PBXBuildFile; fileRef = 1FD210DB2B1BD03600C90CAD /* CafeProductsMocks.swift */; };
		1FD210DE2B1BF09400C90CAD /* ProductViewController.swift in Sources */ = {isa = PBXBuildFile; fileRef = 1FD210DD2B1BF09400C90CAD /* ProductViewController.swift */; };
		1FD210E02B1BF57400C90CAD /* ProductView.swift in Sources */ = {isa = PBXBuildFile; fileRef = 1FD210DF2B1BF57400C90CAD /* ProductView.swift */; };
		1FE592902AAFAADE00B255C1 /* AllCafeMockData.swift in Sources */ = {isa = PBXBuildFile; fileRef = 1FE5928F2AAFAADE00B255C1 /* AllCafeMockData.swift */; };
		2F41A111202BB2DA7B19EEDF /* Pods_CoffeTimeMVC.framework in Frameworks */ = {isa = PBXBuildFile; fileRef = D7C6DDA886B0F2ECB736AC61 /* Pods_CoffeTimeMVC.framework */; };
		5C0BF4A4FDD649957B7BB2F8 /* Pods_CoffeTimeMVCUITests.framework in Frameworks */ = {isa = PBXBuildFile; fileRef = 5047E2E0C872842F4102E3D8 /* Pods_CoffeTimeMVCUITests.framework */; };
		82C611D1073077DF5322B2DA /* Pods_CoffeTimeMVCTests.framework in Frameworks */ = {isa = PBXBuildFile; fileRef = CD97A0E5B368303B23C7B528 /* Pods_CoffeTimeMVCTests.framework */; };
/* End PBXBuildFile section */

/* Begin PBXContainerItemProxy section */
		1F9922E62A81EB72000852CF /* PBXContainerItemProxy */ = {
			isa = PBXContainerItemProxy;
			containerPortal = 1F9922C72A81EB71000852CF /* Project object */;
			proxyType = 1;
			remoteGlobalIDString = 1F9922CE2A81EB71000852CF;
			remoteInfo = CoffeTimeMVC;
		};
		1F9922F02A81EB72000852CF /* PBXContainerItemProxy */ = {
			isa = PBXContainerItemProxy;
			containerPortal = 1F9922C72A81EB71000852CF /* Project object */;
			proxyType = 1;
			remoteGlobalIDString = 1F9922CE2A81EB71000852CF;
			remoteInfo = CoffeTimeMVC;
		};
/* End PBXContainerItemProxy section */

/* Begin PBXFileReference section */
		03BFDF4C4B3859E09E99A92B /* Pods-CoffeTimeMVCUITests.release.xcconfig */ = {isa = PBXFileReference; includeInIndex = 1; lastKnownFileType = text.xcconfig; name = "Pods-CoffeTimeMVCUITests.release.xcconfig"; path = "Target Support Files/Pods-CoffeTimeMVCUITests/Pods-CoffeTimeMVCUITests.release.xcconfig"; sourceTree = "<group>"; };
		1F08EC9D2AFEDC08007263AF /* SearchButton.swift */ = {isa = PBXFileReference; lastKnownFileType = sourcecode.swift; path = SearchButton.swift; sourceTree = "<group>"; };
		1F08EC9F2AFEE231007263AF /* CafeCarouselView.swift */ = {isa = PBXFileReference; lastKnownFileType = sourcecode.swift; path = CafeCarouselView.swift; sourceTree = "<group>"; };
		1F0AB5F02AFADA5D0036C759 /* LoadImageManager.swift */ = {isa = PBXFileReference; lastKnownFileType = sourcecode.swift; path = LoadImageManager.swift; sourceTree = "<group>"; };
		1F11764D2AB5DD9700E00180 /* LoaderView.swift */ = {isa = PBXFileReference; lastKnownFileType = sourcecode.swift; path = LoaderView.swift; sourceTree = "<group>"; };
		1F11764F2AB950C200E00180 /* CafeListItem.swift */ = {isa = PBXFileReference; lastKnownFileType = sourcecode.swift; path = CafeListItem.swift; sourceTree = "<group>"; };
		1F248E312AA501C7002ACA5E /* CafeListViewController.swift */ = {isa = PBXFileReference; lastKnownFileType = sourcecode.swift; path = CafeListViewController.swift; sourceTree = "<group>"; };
		1F248E332AA501DD002ACA5E /* CafeListView.swift */ = {isa = PBXFileReference; lastKnownFileType = sourcecode.swift; path = CafeListView.swift; sourceTree = "<group>"; };
		1F2491352ACB37CC00A11802 /* CoordinateLocation+Extension.swift */ = {isa = PBXFileReference; lastKnownFileType = sourcecode.swift; path = "CoordinateLocation+Extension.swift"; sourceTree = "<group>"; };
		1F2491372ACB3BAE00A11802 /* CustomModalViewController.swift */ = {isa = PBXFileReference; lastKnownFileType = sourcecode.swift; path = CustomModalViewController.swift; sourceTree = "<group>"; };
		1F2491392ACB3CEF00A11802 /* ModalView.swift */ = {isa = PBXFileReference; lastKnownFileType = sourcecode.swift; path = ModalView.swift; sourceTree = "<group>"; };
		1F2E0A9D2A8904F600C990E1 /* EmailInput.swift */ = {isa = PBXFileReference; lastKnownFileType = sourcecode.swift; path = EmailInput.swift; sourceTree = "<group>"; };
		1F2E0AA02A8C306300C990E1 /* PasswordInput.swift */ = {isa = PBXFileReference; lastKnownFileType = sourcecode.swift; path = PasswordInput.swift; sourceTree = "<group>"; };
		1F2E0AA22A8D5C3800C990E1 /* BaseButton.swift */ = {isa = PBXFileReference; lastKnownFileType = sourcecode.swift; path = BaseButton.swift; sourceTree = "<group>"; };
		1F2E0AA42A8D627400C990E1 /* Colors.swift */ = {isa = PBXFileReference; lastKnownFileType = sourcecode.swift; path = Colors.swift; sourceTree = "<group>"; };
		1F2E0AA62A8D6A4600C990E1 /* RegistrationButton.swift */ = {isa = PBXFileReference; lastKnownFileType = sourcecode.swift; path = RegistrationButton.swift; sourceTree = "<group>"; };
		1F2E0AA82A8D766100C990E1 /* BaseInput.swift */ = {isa = PBXFileReference; lastKnownFileType = sourcecode.swift; path = BaseInput.swift; sourceTree = "<group>"; };
		1F2E0AAA2A92236100C990E1 /* RegistrationView.swift */ = {isa = PBXFileReference; lastKnownFileType = sourcecode.swift; path = RegistrationView.swift; sourceTree = "<group>"; };
		1F2E0AAE2A923ED000C990E1 /* BaseAuthView.swift */ = {isa = PBXFileReference; lastKnownFileType = sourcecode.swift; path = BaseAuthView.swift; sourceTree = "<group>"; };
		1F3411712A9A358D007F228C /* ErrorView.swift */ = {isa = PBXFileReference; lastKnownFileType = sourcecode.swift; path = ErrorView.swift; sourceTree = "<group>"; };
		1F3411732A9A35B2007F228C /* ErrorViewController.swift */ = {isa = PBXFileReference; lastKnownFileType = sourcecode.swift; path = ErrorViewController.swift; sourceTree = "<group>"; };
		1F44C1FD2A94030200613176 /* ValidationStrategy.swift */ = {isa = PBXFileReference; lastKnownFileType = sourcecode.swift; path = ValidationStrategy.swift; sourceTree = "<group>"; };
		1F49180F2AED8FD40011CCDE /* DrawerMenuViewController.swift */ = {isa = PBXFileReference; lastKnownFileType = sourcecode.swift; path = DrawerMenuViewController.swift; sourceTree = "<group>"; };
		1F4918112AED90BC0011CCDE /* DrawerMenuView.swift */ = {isa = PBXFileReference; lastKnownFileType = sourcecode.swift; path = DrawerMenuView.swift; sourceTree = "<group>"; };
		1F4918132AEE3ECB0011CCDE /* Drawer+Extension.swift */ = {isa = PBXFileReference; lastKnownFileType = sourcecode.swift; path = "Drawer+Extension.swift"; sourceTree = "<group>"; };
		1F4918152AEECF450011CCDE /* FavoriteViewController.swift */ = {isa = PBXFileReference; lastKnownFileType = sourcecode.swift; path = FavoriteViewController.swift; sourceTree = "<group>"; };
		1F4918172AEECF570011CCDE /* FavoriteView.swift */ = {isa = PBXFileReference; lastKnownFileType = sourcecode.swift; path = FavoriteView.swift; sourceTree = "<group>"; };
		1F4918192AEED50D0011CCDE /* EmptyView.swift */ = {isa = PBXFileReference; lastKnownFileType = sourcecode.swift; path = EmptyView.swift; sourceTree = "<group>"; };
		1F4D3C992A9D452300915D11 /* ShowErrViewExtention.swift */ = {isa = PBXFileReference; lastKnownFileType = sourcecode.swift; path = ShowErrViewExtention.swift; sourceTree = "<group>"; };
		1F4D3C9B2A9D477400915D11 /* NotificationCenterManager.swift */ = {isa = PBXFileReference; lastKnownFileType = sourcecode.swift; path = NotificationCenterManager.swift; sourceTree = "<group>"; };
		1F4D3CA12AA137B200915D11 /* rw.mp3 */ = {isa = PBXFileReference; lastKnownFileType = audio.mp3; path = rw.mp3; sourceTree = "<group>"; };
		1F52BE972A987E010003995F /* ApiEndpoints.swift */ = {isa = PBXFileReference; lastKnownFileType = sourcecode.swift; path = ApiEndpoints.swift; sourceTree = "<group>"; };
		1F5C4E492AA7A2B100440CAB /* PageLabel.swift */ = {isa = PBXFileReference; lastKnownFileType = sourcecode.swift; path = PageLabel.swift; sourceTree = "<group>"; };
		1F5C4E4B2AA7A53400440CAB /* BackButton.swift */ = {isa = PBXFileReference; lastKnownFileType = sourcecode.swift; path = BackButton.swift; sourceTree = "<group>"; };
		1F6A5A862B1FC99400B17F71 /* Lobster-Regular.ttf */ = {isa = PBXFileReference; lastKnownFileType = file; name = "Lobster-Regular.ttf"; path = "CoffeTimeMVC/Common/Resources/Fonts/Lobster-Regular.ttf"; sourceTree = SOURCE_ROOT; };
		1F6A5A952B1FD55D00B17F71 /* RegistartionViewController.swift */ = {isa = PBXFileReference; lastKnownFileType = sourcecode.swift; path = RegistartionViewController.swift; sourceTree = "<group>"; };
		1F7D97162ABD82CA0060CE70 /* UIImg + Extension.swift */ = {isa = PBXFileReference; lastKnownFileType = sourcecode.swift; path = "UIImg + Extension.swift"; sourceTree = "<group>"; };
		1F7D97192ABD87B80060CE70 /* Ricardo.gif */ = {isa = PBXFileReference; lastKnownFileType = image.gif; path = Ricardo.gif; sourceTree = "<group>"; };
		1F80330C2B153E180002DA7D /* ProductListItem.swift */ = {isa = PBXFileReference; lastKnownFileType = sourcecode.swift; path = ProductListItem.swift; sourceTree = "<group>"; };
		1F80330E2B1541190002DA7D /* ProductCollectionViewCell.swift */ = {isa = PBXFileReference; lastKnownFileType = sourcecode.swift; path = ProductCollectionViewCell.swift; sourceTree = "<group>"; };
		1F8649E62AA53D6100CEB609 /* AuthViewControllerExtension.swift */ = {isa = PBXFileReference; lastKnownFileType = sourcecode.swift; path = AuthViewControllerExtension.swift; sourceTree = "<group>"; };
		1F9916612AD33356003306DA /* CafeViewController.swift */ = {isa = PBXFileReference; lastKnownFileType = sourcecode.swift; path = CafeViewController.swift; sourceTree = "<group>"; };
		1F9916632AD33369003306DA /* CafeView.swift */ = {isa = PBXFileReference; lastKnownFileType = sourcecode.swift; path = CafeView.swift; sourceTree = "<group>"; };
		1F9916692AD33E93003306DA /* PageHeaderView.swift */ = {isa = PBXFileReference; lastKnownFileType = sourcecode.swift; path = PageHeaderView.swift; sourceTree = "<group>"; };
		1F9922CF2A81EB71000852CF /* CoffeTimeMVC.app */ = {isa = PBXFileReference; explicitFileType = wrapper.application; includeInIndex = 0; path = CoffeTimeMVC.app; sourceTree = BUILT_PRODUCTS_DIR; };
		1F9922D22A81EB71000852CF /* AppDelegate.swift */ = {isa = PBXFileReference; lastKnownFileType = sourcecode.swift; path = AppDelegate.swift; sourceTree = "<group>"; };
		1F9922D42A81EB71000852CF /* SceneDelegate.swift */ = {isa = PBXFileReference; lastKnownFileType = sourcecode.swift; path = SceneDelegate.swift; sourceTree = "<group>"; };
		1F9922DB2A81EB72000852CF /* Assets.xcassets */ = {isa = PBXFileReference; lastKnownFileType = folder.assetcatalog; path = Assets.xcassets; sourceTree = "<group>"; };
		1F9922DE2A81EB72000852CF /* Base */ = {isa = PBXFileReference; lastKnownFileType = file.storyboard; name = Base; path = Base.lproj/LaunchScreen.storyboard; sourceTree = "<group>"; };
		1F9922E02A81EB72000852CF /* Info.plist */ = {isa = PBXFileReference; lastKnownFileType = text.plist.xml; path = Info.plist; sourceTree = "<group>"; };
		1F9922E52A81EB72000852CF /* CoffeTimeMVCTests.xctest */ = {isa = PBXFileReference; explicitFileType = wrapper.cfbundle; includeInIndex = 0; path = CoffeTimeMVCTests.xctest; sourceTree = BUILT_PRODUCTS_DIR; };
		1F9922E92A81EB72000852CF /* CoffeTimeMVCTests.swift */ = {isa = PBXFileReference; lastKnownFileType = sourcecode.swift; path = CoffeTimeMVCTests.swift; sourceTree = "<group>"; };
		1F9922EF2A81EB72000852CF /* CoffeTimeMVCUITests.xctest */ = {isa = PBXFileReference; explicitFileType = wrapper.cfbundle; includeInIndex = 0; path = CoffeTimeMVCUITests.xctest; sourceTree = BUILT_PRODUCTS_DIR; };
		1F9922F32A81EB72000852CF /* CoffeTimeMVCUITests.swift */ = {isa = PBXFileReference; lastKnownFileType = sourcecode.swift; path = CoffeTimeMVCUITests.swift; sourceTree = "<group>"; };
		1F9922F52A81EB72000852CF /* CoffeTimeMVCUITestsLaunchTests.swift */ = {isa = PBXFileReference; lastKnownFileType = sourcecode.swift; path = CoffeTimeMVCUITestsLaunchTests.swift; sourceTree = "<group>"; };
		1F9923052A81ECE7000852CF /* LoginViewController.swift */ = {isa = PBXFileReference; lastKnownFileType = sourcecode.swift; path = LoginViewController.swift; sourceTree = "<group>"; };
		1F99230C2A81F7BB000852CF /* CoffeTimeDataList.xcdatamodel */ = {isa = PBXFileReference; lastKnownFileType = wrapper.xcdatamodel; path = CoffeTimeDataList.xcdatamodel; sourceTree = "<group>"; };
		1F99230E2A81FE25000852CF /* CoreDataManager.swift */ = {isa = PBXFileReference; lastKnownFileType = sourcecode.swift; path = CoreDataManager.swift; sourceTree = "<group>"; };
		1F9923B02A842D8F000852CF /* ProductAttribute+CoreDataClass.swift */ = {isa = PBXFileReference; lastKnownFileType = sourcecode.swift; path = "ProductAttribute+CoreDataClass.swift"; sourceTree = "<group>"; };
		1F9923B12A842D8F000852CF /* ProductAttribute+CoreDataProperties.swift */ = {isa = PBXFileReference; lastKnownFileType = sourcecode.swift; path = "ProductAttribute+CoreDataProperties.swift"; sourceTree = "<group>"; };
		1F9923B22A842D8F000852CF /* Product+CoreDataClass.swift */ = {isa = PBXFileReference; lastKnownFileType = sourcecode.swift; path = "Product+CoreDataClass.swift"; sourceTree = "<group>"; };
		1F9923B32A842D8F000852CF /* Product+CoreDataProperties.swift */ = {isa = PBXFileReference; lastKnownFileType = sourcecode.swift; path = "Product+CoreDataProperties.swift"; sourceTree = "<group>"; };
		1F9923B42A842D8F000852CF /* AllCafe+CoreDataClass.swift */ = {isa = PBXFileReference; lastKnownFileType = sourcecode.swift; path = "AllCafe+CoreDataClass.swift"; sourceTree = "<group>"; };
		1F9923B52A842D8F000852CF /* AllCafe+CoreDataProperties.swift */ = {isa = PBXFileReference; lastKnownFileType = sourcecode.swift; path = "AllCafe+CoreDataProperties.swift"; sourceTree = "<group>"; };
		1F9923B62A842D8F000852CF /* UserData+CoreDataClass.swift */ = {isa = PBXFileReference; lastKnownFileType = sourcecode.swift; path = "UserData+CoreDataClass.swift"; sourceTree = "<group>"; };
		1F9923B72A842D8F000852CF /* UserData+CoreDataProperties.swift */ = {isa = PBXFileReference; lastKnownFileType = sourcecode.swift; path = "UserData+CoreDataProperties.swift"; sourceTree = "<group>"; };
		1F9923B82A842D8F000852CF /* Cafe+CoreDataClass.swift */ = {isa = PBXFileReference; lastKnownFileType = sourcecode.swift; path = "Cafe+CoreDataClass.swift"; sourceTree = "<group>"; };
		1F9923B92A842D8F000852CF /* Cafe+CoreDataProperties.swift */ = {isa = PBXFileReference; lastKnownFileType = sourcecode.swift; path = "Cafe+CoreDataProperties.swift"; sourceTree = "<group>"; };
		1F9923BA2A842D8F000852CF /* AllProducts+CoreDataClass.swift */ = {isa = PBXFileReference; lastKnownFileType = sourcecode.swift; path = "AllProducts+CoreDataClass.swift"; sourceTree = "<group>"; };
		1F9923BB2A842D8F000852CF /* AllProducts+CoreDataProperties.swift */ = {isa = PBXFileReference; lastKnownFileType = sourcecode.swift; path = "AllProducts+CoreDataProperties.swift"; sourceTree = "<group>"; };
		1F9923BC2A842D8F000852CF /* CafeProduct+CoreDataClass.swift */ = {isa = PBXFileReference; lastKnownFileType = sourcecode.swift; path = "CafeProduct+CoreDataClass.swift"; sourceTree = "<group>"; };
		1F9923BD2A842D8F000852CF /* CafeProduct+CoreDataProperties.swift */ = {isa = PBXFileReference; lastKnownFileType = sourcecode.swift; path = "CafeProduct+CoreDataProperties.swift"; sourceTree = "<group>"; };
		1F9923BE2A842D8F000852CF /* AllCafeProduct+CoreDataClass.swift */ = {isa = PBXFileReference; lastKnownFileType = sourcecode.swift; path = "AllCafeProduct+CoreDataClass.swift"; sourceTree = "<group>"; };
		1F9923BF2A842D8F000852CF /* AllCafeProduct+CoreDataProperties.swift */ = {isa = PBXFileReference; lastKnownFileType = sourcecode.swift; path = "AllCafeProduct+CoreDataProperties.swift"; sourceTree = "<group>"; };
		1F9923D02A842E34000852CF /* EntityModelMapProtocol.swift */ = {isa = PBXFileReference; lastKnownFileType = sourcecode.swift; path = EntityModelMapProtocol.swift; sourceTree = "<group>"; };
		1F9923D22A842F5A000852CF /* ProductModel.swift */ = {isa = PBXFileReference; lastKnownFileType = sourcecode.swift; path = ProductModel.swift; sourceTree = "<group>"; };
		1F9923D42A842F98000852CF /* AllCafeModel.swift */ = {isa = PBXFileReference; lastKnownFileType = sourcecode.swift; path = AllCafeModel.swift; sourceTree = "<group>"; };
		1F9923D62A842FC0000852CF /* UserDataModel.swift */ = {isa = PBXFileReference; lastKnownFileType = sourcecode.swift; path = UserDataModel.swift; sourceTree = "<group>"; };
		1F9923D82A842FDF000852CF /* CafeModel.swift */ = {isa = PBXFileReference; lastKnownFileType = sourcecode.swift; path = CafeModel.swift; sourceTree = "<group>"; };
		1F9923DA2A843002000852CF /* AllProductsModel.swift */ = {isa = PBXFileReference; lastKnownFileType = sourcecode.swift; path = AllProductsModel.swift; sourceTree = "<group>"; };
		1F9923DC2A8430A8000852CF /* CafeProductModel.swift */ = {isa = PBXFileReference; lastKnownFileType = sourcecode.swift; path = CafeProductModel.swift; sourceTree = "<group>"; };
		1F9923DE2A8430DF000852CF /* AllCafeProductsModel.swift */ = {isa = PBXFileReference; lastKnownFileType = sourcecode.swift; path = AllCafeProductsModel.swift; sourceTree = "<group>"; };
		1F9923E02A860ADF000852CF /* ProductService.swift */ = {isa = PBXFileReference; lastKnownFileType = sourcecode.swift; path = ProductService.swift; sourceTree = "<group>"; };
		1F9923E22A860C8A000852CF /* AllCafeService.swift */ = {isa = PBXFileReference; lastKnownFileType = sourcecode.swift; path = AllCafeService.swift; sourceTree = "<group>"; };
		1F9923E42A860CAA000852CF /* UserDataService.swift */ = {isa = PBXFileReference; lastKnownFileType = sourcecode.swift; path = UserDataService.swift; sourceTree = "<group>"; };
		1F9923E62A860CC4000852CF /* CafeService.swift */ = {isa = PBXFileReference; lastKnownFileType = sourcecode.swift; path = CafeService.swift; sourceTree = "<group>"; };
		1F9923E82A860CFF000852CF /* AllProductsService.swift */ = {isa = PBXFileReference; lastKnownFileType = sourcecode.swift; path = AllProductsService.swift; sourceTree = "<group>"; };
		1F9923EA2A860E0A000852CF /* AllCafeProductsService.swift */ = {isa = PBXFileReference; lastKnownFileType = sourcecode.swift; path = AllCafeProductsService.swift; sourceTree = "<group>"; };
		1F9923EC2A860E40000852CF /* CafeProductService.swift */ = {isa = PBXFileReference; lastKnownFileType = sourcecode.swift; path = CafeProductService.swift; sourceTree = "<group>"; };
		1F9923F32A861040000852CF /* LoginView.swift */ = {isa = PBXFileReference; lastKnownFileType = sourcecode.swift; path = LoginView.swift; sourceTree = "<group>"; };
		1F9923F52A863215000852CF /* HttpRequestHelper.swift */ = {isa = PBXFileReference; lastKnownFileType = sourcecode.swift; path = HttpRequestHelper.swift; sourceTree = "<group>"; };
		1F9924272A881091000852CF /* LogoLabel.swift */ = {isa = PBXFileReference; lastKnownFileType = sourcecode.swift; path = LogoLabel.swift; sourceTree = "<group>"; };
		1F99242A2A881402000852CF /* Fonts.swift */ = {isa = PBXFileReference; lastKnownFileType = sourcecode.swift; path = Fonts.swift; sourceTree = "<group>"; };
		1FD210DB2B1BD03600C90CAD /* CafeProductsMocks.swift */ = {isa = PBXFileReference; lastKnownFileType = sourcecode.swift; path = CafeProductsMocks.swift; sourceTree = "<group>"; };
		1FD210DD2B1BF09400C90CAD /* ProductViewController.swift */ = {isa = PBXFileReference; lastKnownFileType = sourcecode.swift; path = ProductViewController.swift; sourceTree = "<group>"; };
		1FD210DF2B1BF57400C90CAD /* ProductView.swift */ = {isa = PBXFileReference; lastKnownFileType = sourcecode.swift; path = ProductView.swift; sourceTree = "<group>"; };
		1FE5928F2AAFAADE00B255C1 /* AllCafeMockData.swift */ = {isa = PBXFileReference; lastKnownFileType = sourcecode.swift; path = AllCafeMockData.swift; sourceTree = "<group>"; };
		3D1C44CE7DD1BF99C7387FE6 /* Pods-CoffeTimeMVC.release.xcconfig */ = {isa = PBXFileReference; includeInIndex = 1; lastKnownFileType = text.xcconfig; name = "Pods-CoffeTimeMVC.release.xcconfig"; path = "Target Support Files/Pods-CoffeTimeMVC/Pods-CoffeTimeMVC.release.xcconfig"; sourceTree = "<group>"; };
		45118370F5BB142DFF3908E1 /* Pods-CoffeTimeMVC.debug.xcconfig */ = {isa = PBXFileReference; includeInIndex = 1; lastKnownFileType = text.xcconfig; name = "Pods-CoffeTimeMVC.debug.xcconfig"; path = "Target Support Files/Pods-CoffeTimeMVC/Pods-CoffeTimeMVC.debug.xcconfig"; sourceTree = "<group>"; };
		5047E2E0C872842F4102E3D8 /* Pods_CoffeTimeMVCUITests.framework */ = {isa = PBXFileReference; explicitFileType = wrapper.framework; includeInIndex = 0; path = Pods_CoffeTimeMVCUITests.framework; sourceTree = BUILT_PRODUCTS_DIR; };
		537082C30DB1382FC3C592B2 /* Pods-CoffeTimeMVCUITests.debug.xcconfig */ = {isa = PBXFileReference; includeInIndex = 1; lastKnownFileType = text.xcconfig; name = "Pods-CoffeTimeMVCUITests.debug.xcconfig"; path = "Target Support Files/Pods-CoffeTimeMVCUITests/Pods-CoffeTimeMVCUITests.debug.xcconfig"; sourceTree = "<group>"; };
		CD97A0E5B368303B23C7B528 /* Pods_CoffeTimeMVCTests.framework */ = {isa = PBXFileReference; explicitFileType = wrapper.framework; includeInIndex = 0; path = Pods_CoffeTimeMVCTests.framework; sourceTree = BUILT_PRODUCTS_DIR; };
		D3E3702F57D5C85A31F3E4EA /* Pods-CoffeTimeMVCTests.release.xcconfig */ = {isa = PBXFileReference; includeInIndex = 1; lastKnownFileType = text.xcconfig; name = "Pods-CoffeTimeMVCTests.release.xcconfig"; path = "Target Support Files/Pods-CoffeTimeMVCTests/Pods-CoffeTimeMVCTests.release.xcconfig"; sourceTree = "<group>"; };
		D7C6DDA886B0F2ECB736AC61 /* Pods_CoffeTimeMVC.framework */ = {isa = PBXFileReference; explicitFileType = wrapper.framework; includeInIndex = 0; path = Pods_CoffeTimeMVC.framework; sourceTree = BUILT_PRODUCTS_DIR; };
		DC7FED231D69B895BCF13BF8 /* Pods-CoffeTimeMVCTests.debug.xcconfig */ = {isa = PBXFileReference; includeInIndex = 1; lastKnownFileType = text.xcconfig; name = "Pods-CoffeTimeMVCTests.debug.xcconfig"; path = "Target Support Files/Pods-CoffeTimeMVCTests/Pods-CoffeTimeMVCTests.debug.xcconfig"; sourceTree = "<group>"; };
/* End PBXFileReference section */

/* Begin PBXFrameworksBuildPhase section */
		1F9922CC2A81EB71000852CF /* Frameworks */ = {
			isa = PBXFrameworksBuildPhase;
			buildActionMask = 2147483647;
			files = (
				2F41A111202BB2DA7B19EEDF /* Pods_CoffeTimeMVC.framework in Frameworks */,
			);
			runOnlyForDeploymentPostprocessing = 0;
		};
		1F9922E22A81EB72000852CF /* Frameworks */ = {
			isa = PBXFrameworksBuildPhase;
			buildActionMask = 2147483647;
			files = (
				82C611D1073077DF5322B2DA /* Pods_CoffeTimeMVCTests.framework in Frameworks */,
			);
			runOnlyForDeploymentPostprocessing = 0;
		};
		1F9922EC2A81EB72000852CF /* Frameworks */ = {
			isa = PBXFrameworksBuildPhase;
			buildActionMask = 2147483647;
			files = (
				5C0BF4A4FDD649957B7BB2F8 /* Pods_CoffeTimeMVCUITests.framework in Frameworks */,
			);
			runOnlyForDeploymentPostprocessing = 0;
		};
/* End PBXFrameworksBuildPhase section */

/* Begin PBXGroup section */
		1F08EC9B2AFEDA13007263AF /* ComponentControllers */ = {
			isa = PBXGroup;
			children = (
				1F49180F2AED8FD40011CCDE /* DrawerMenuViewController.swift */,
				1F2491372ACB3BAE00A11802 /* CustomModalViewController.swift */,
			);
			path = ComponentControllers;
			sourceTree = "<group>";
		};
		1F08EC9C2AFEDA2A007263AF /* ScreenControllers */ = {
			isa = PBXGroup;
			children = (
				1F9923052A81ECE7000852CF /* LoginViewController.swift */,
				1F6A5A952B1FD55D00B17F71 /* RegistartionViewController.swift */,
				1F4918152AEECF450011CCDE /* FavoriteViewController.swift */,
				1F9916612AD33356003306DA /* CafeViewController.swift */,
				1F248E312AA501C7002ACA5E /* CafeListViewController.swift */,
				1F3411732A9A35B2007F228C /* ErrorViewController.swift */,
				1FD210DD2B1BF09400C90CAD /* ProductViewController.swift */,
			);
			path = ScreenControllers;
			sourceTree = "<group>";
		};
		1F11764C2AB5DD8000E00180 /* Components */ = {
			isa = PBXGroup;
			children = (
				1F11764D2AB5DD9700E00180 /* LoaderView.swift */,
				1F2491392ACB3CEF00A11802 /* ModalView.swift */,
				1F9916692AD33E93003306DA /* PageHeaderView.swift */,
				1F4918112AED90BC0011CCDE /* DrawerMenuView.swift */,
				1F08EC9F2AFEE231007263AF /* CafeCarouselView.swift */,
			);
			path = Components;
			sourceTree = "<group>";
		};
		1F2E0AB02A9240E800C990E1 /* AuthViews */ = {
			isa = PBXGroup;
			children = (
				1F9923F32A861040000852CF /* LoginView.swift */,
				1F2E0AAA2A92236100C990E1 /* RegistrationView.swift */,
				1F2E0AAE2A923ED000C990E1 /* BaseAuthView.swift */,
			);
			path = AuthViews;
			sourceTree = "<group>";
		};
		1F4D3C982A9D44F400915D11 /* Extensions */ = {
			isa = PBXGroup;
			children = (
				1F6A5A8D2B1FCBA100B17F71 /* VCExtensions */,
				1F6A5A8C2B1FCB7400B17F71 /* UtilsExtensions */,
			);
			path = Extensions;
			sourceTree = "<group>";
		};
		1F4D3CA02AA1376F00915D11 /* Audio */ = {
			isa = PBXGroup;
			children = (
				1F4D3CA12AA137B200915D11 /* rw.mp3 */,
			);
			path = Audio;
			sourceTree = "<group>";
		};
		1F6A5A7E2B1FC64300B17F71 /* BaseViewControllers */ = {
			isa = PBXGroup;
			children = (
			);
			path = BaseViewControllers;
			sourceTree = "<group>";
		};
		1F6A5A822B1FC7F200B17F71 /* Core */ = {
			isa = PBXGroup;
			children = (
				1F9923022A81ECA7000852CF /* Model */,
				1F9923032A81ECB8000852CF /* View */,
				1F9923042A81ECC5000852CF /* Controller */,
			);
			path = Core;
			sourceTree = "<group>";
		};
		1F6A5A832B1FC80B00B17F71 /* Common */ = {
			isa = PBXGroup;
			children = (
				1F6A5A852B1FC87F00B17F71 /* Resources */,
				1FE5928E2AAFAABD00B255C1 /* MockData */,
				1F9924292A8813DE000852CF /* Constants */,
				1F4D3C982A9D44F400915D11 /* Extensions */,
				1F6A5A842B1FC87200B17F71 /* Helpers */,
			);
			path = Common;
			sourceTree = "<group>";
		};
		1F6A5A842B1FC87200B17F71 /* Helpers */ = {
			isa = PBXGroup;
			children = (
				1F6A5A8B2B1FCAF600B17F71 /* SystemHelpers */,
				1F6A5A892B1FC9F000B17F71 /* ApiHelpers */,
			);
			path = Helpers;
			sourceTree = "<group>";
		};
		1F6A5A852B1FC87F00B17F71 /* Resources */ = {
			isa = PBXGroup;
			children = (
				1F99243B2A88AFCA000852CF /* Fonts */,
				1F4D3CA02AA1376F00915D11 /* Audio */,
				1F7D97182ABD87800060CE70 /* Gif */,
			);
			path = Resources;
			sourceTree = "<group>";
		};
		1F6A5A892B1FC9F000B17F71 /* ApiHelpers */ = {
			isa = PBXGroup;
			children = (
				1F52BE972A987E010003995F /* ApiEndpoints.swift */,
				1F9923F52A863215000852CF /* HttpRequestHelper.swift */,
			);
			path = ApiHelpers;
			sourceTree = "<group>";
		};
		1F6A5A8B2B1FCAF600B17F71 /* SystemHelpers */ = {
			isa = PBXGroup;
			children = (
				1F4D3C9B2A9D477400915D11 /* NotificationCenterManager.swift */,
				1F0AB5F02AFADA5D0036C759 /* LoadImageManager.swift */,
			);
			path = SystemHelpers;
			sourceTree = "<group>";
		};
		1F6A5A8C2B1FCB7400B17F71 /* UtilsExtensions */ = {
			isa = PBXGroup;
			children = (
				1F7D97162ABD82CA0060CE70 /* UIImg + Extension.swift */,
				1F2491352ACB37CC00A11802 /* CoordinateLocation+Extension.swift */,
				1F4918132AEE3ECB0011CCDE /* Drawer+Extension.swift */,
			);
			path = UtilsExtensions;
			sourceTree = "<group>";
		};
		1F6A5A8D2B1FCBA100B17F71 /* VCExtensions */ = {
			isa = PBXGroup;
			children = (
				1F8649E62AA53D6100CEB609 /* AuthViewControllerExtension.swift */,
				1F4D3C992A9D452300915D11 /* ShowErrViewExtention.swift */,
			);
			path = VCExtensions;
			sourceTree = "<group>";
		};
		1F7D97182ABD87800060CE70 /* Gif */ = {
			isa = PBXGroup;
			children = (
				1F7D97192ABD87B80060CE70 /* Ricardo.gif */,
			);
			path = Gif;
			sourceTree = "<group>";
		};
		1F9922C62A81EB71000852CF = {
			isa = PBXGroup;
			children = (
				1F9922D12A81EB71000852CF /* CoffeTimeMVC */,
				1F9922E82A81EB72000852CF /* CoffeTimeMVCTests */,
				1F9922F22A81EB72000852CF /* CoffeTimeMVCUITests */,
				1F9922D02A81EB71000852CF /* Products */,
				68561F9DCE34B109348D9193 /* Pods */,
				FF5A6B49DDB45475C04EA3B7 /* Frameworks */,
			);
			sourceTree = "<group>";
		};
		1F9922D02A81EB71000852CF /* Products */ = {
			isa = PBXGroup;
			children = (
				1F9922CF2A81EB71000852CF /* CoffeTimeMVC.app */,
				1F9922E52A81EB72000852CF /* CoffeTimeMVCTests.xctest */,
				1F9922EF2A81EB72000852CF /* CoffeTimeMVCUITests.xctest */,
			);
			name = Products;
			sourceTree = "<group>";
		};
		1F9922D12A81EB71000852CF /* CoffeTimeMVC */ = {
			isa = PBXGroup;
			children = (
				1F6A5A832B1FC80B00B17F71 /* Common */,
				1F6A5A822B1FC7F200B17F71 /* Core */,
				1F9922D22A81EB71000852CF /* AppDelegate.swift */,
				1F9922D42A81EB71000852CF /* SceneDelegate.swift */,
				1F99230B2A81F7BB000852CF /* CoffeTimeDataList.xcdatamodeld */,
				1F9922DB2A81EB72000852CF /* Assets.xcassets */,
				1F9922DD2A81EB72000852CF /* LaunchScreen.storyboard */,
				1F9922E02A81EB72000852CF /* Info.plist */,
			);
			path = CoffeTimeMVC;
			sourceTree = "<group>";
		};
		1F9922E82A81EB72000852CF /* CoffeTimeMVCTests */ = {
			isa = PBXGroup;
			children = (
				1F9922E92A81EB72000852CF /* CoffeTimeMVCTests.swift */,
			);
			path = CoffeTimeMVCTests;
			sourceTree = "<group>";
		};
		1F9922F22A81EB72000852CF /* CoffeTimeMVCUITests */ = {
			isa = PBXGroup;
			children = (
				1F9922F32A81EB72000852CF /* CoffeTimeMVCUITests.swift */,
				1F9922F52A81EB72000852CF /* CoffeTimeMVCUITestsLaunchTests.swift */,
			);
			path = CoffeTimeMVCUITests;
			sourceTree = "<group>";
		};
		1F9923022A81ECA7000852CF /* Model */ = {
			isa = PBXGroup;
			children = (
				1F99230A2A81F09B000852CF /* Services */,
				1F9923092A81F093000852CF /* Models */,
				1F9923082A81F082000852CF /* CoreData */,
			);
			path = Model;
			sourceTree = "<group>";
		};
		1F9923032A81ECB8000852CF /* View */ = {
			isa = PBXGroup;
			children = (
				1F11764C2AB5DD8000E00180 /* Components */,
				1F9923EE2A860EF0000852CF /* Screens */,
				1F9924252A881041000852CF /* Labels */,
				1F9923F22A860FCA000852CF /* Items */,
				1F9923F12A860FAE000852CF /* Inputs */,
				1F9923F02A860F6F000852CF /* Buttons */,
				1F9923EF2A860F2A000852CF /* EmptyState */,
			);
			path = View;
			sourceTree = "<group>";
		};
		1F9923042A81ECC5000852CF /* Controller */ = {
			isa = PBXGroup;
			children = (
				1F6A5A7E2B1FC64300B17F71 /* BaseViewControllers */,
				1F08EC9C2AFEDA2A007263AF /* ScreenControllers */,
				1F08EC9B2AFEDA13007263AF /* ComponentControllers */,
			);
			path = Controller;
			sourceTree = "<group>";
		};
		1F9923082A81F082000852CF /* CoreData */ = {
			isa = PBXGroup;
			children = (
				1F99230E2A81FE25000852CF /* CoreDataManager.swift */,
				1F9923B02A842D8F000852CF /* ProductAttribute+CoreDataClass.swift */,
				1F9923B12A842D8F000852CF /* ProductAttribute+CoreDataProperties.swift */,
				1F9923B22A842D8F000852CF /* Product+CoreDataClass.swift */,
				1F9923B32A842D8F000852CF /* Product+CoreDataProperties.swift */,
				1F9923B42A842D8F000852CF /* AllCafe+CoreDataClass.swift */,
				1F9923B52A842D8F000852CF /* AllCafe+CoreDataProperties.swift */,
				1F9923B62A842D8F000852CF /* UserData+CoreDataClass.swift */,
				1F9923B72A842D8F000852CF /* UserData+CoreDataProperties.swift */,
				1F9923B82A842D8F000852CF /* Cafe+CoreDataClass.swift */,
				1F9923B92A842D8F000852CF /* Cafe+CoreDataProperties.swift */,
				1F9923BA2A842D8F000852CF /* AllProducts+CoreDataClass.swift */,
				1F9923BB2A842D8F000852CF /* AllProducts+CoreDataProperties.swift */,
				1F9923BC2A842D8F000852CF /* CafeProduct+CoreDataClass.swift */,
				1F9923BD2A842D8F000852CF /* CafeProduct+CoreDataProperties.swift */,
				1F9923BE2A842D8F000852CF /* AllCafeProduct+CoreDataClass.swift */,
				1F9923BF2A842D8F000852CF /* AllCafeProduct+CoreDataProperties.swift */,
			);
			path = CoreData;
			sourceTree = "<group>";
		};
		1F9923092A81F093000852CF /* Models */ = {
			isa = PBXGroup;
			children = (
				1F9923D02A842E34000852CF /* EntityModelMapProtocol.swift */,
				1F9923D62A842FC0000852CF /* UserDataModel.swift */,
				1F9923D42A842F98000852CF /* AllCafeModel.swift */,
				1F9923DA2A843002000852CF /* AllProductsModel.swift */,
				1F9923DE2A8430DF000852CF /* AllCafeProductsModel.swift */,
				1F9923D82A842FDF000852CF /* CafeModel.swift */,
				1F9923D22A842F5A000852CF /* ProductModel.swift */,
				1F9923DC2A8430A8000852CF /* CafeProductModel.swift */,
			);
			path = Models;
			sourceTree = "<group>";
		};
		1F99230A2A81F09B000852CF /* Services */ = {
			isa = PBXGroup;
			children = (
				1F9923E42A860CAA000852CF /* UserDataService.swift */,
				1F9923E22A860C8A000852CF /* AllCafeService.swift */,
				1F9923E82A860CFF000852CF /* AllProductsService.swift */,
				1F9923EA2A860E0A000852CF /* AllCafeProductsService.swift */,
				1F9923E62A860CC4000852CF /* CafeService.swift */,
				1F9923E02A860ADF000852CF /* ProductService.swift */,
				1F9923EC2A860E40000852CF /* CafeProductService.swift */,
			);
			path = Services;
			sourceTree = "<group>";
		};
		1F9923EE2A860EF0000852CF /* Screens */ = {
			isa = PBXGroup;
			children = (
				1F2E0AB02A9240E800C990E1 /* AuthViews */,
				1F3411712A9A358D007F228C /* ErrorView.swift */,
				1F248E332AA501DD002ACA5E /* CafeListView.swift */,
				1F9916632AD33369003306DA /* CafeView.swift */,
				1F4918172AEECF570011CCDE /* FavoriteView.swift */,
				1FD210DF2B1BF57400C90CAD /* ProductView.swift */,
			);
			path = Screens;
			sourceTree = "<group>";
		};
		1F9923EF2A860F2A000852CF /* EmptyState */ = {
			isa = PBXGroup;
			children = (
				1F4918192AEED50D0011CCDE /* EmptyView.swift */,
			);
			path = EmptyState;
			sourceTree = "<group>";
		};
		1F9923F02A860F6F000852CF /* Buttons */ = {
			isa = PBXGroup;
			children = (
				1F2E0AA22A8D5C3800C990E1 /* BaseButton.swift */,
				1F2E0AA62A8D6A4600C990E1 /* RegistrationButton.swift */,
				1F5C4E4B2AA7A53400440CAB /* BackButton.swift */,
				1F08EC9D2AFEDC08007263AF /* SearchButton.swift */,
			);
			path = Buttons;
			sourceTree = "<group>";
		};
		1F9923F12A860FAE000852CF /* Inputs */ = {
			isa = PBXGroup;
			children = (
				1F2E0A9D2A8904F600C990E1 /* EmailInput.swift */,
				1F2E0AA02A8C306300C990E1 /* PasswordInput.swift */,
				1F2E0AA82A8D766100C990E1 /* BaseInput.swift */,
				1F44C1FD2A94030200613176 /* ValidationStrategy.swift */,
			);
			path = Inputs;
			sourceTree = "<group>";
		};
		1F9923F22A860FCA000852CF /* Items */ = {
			isa = PBXGroup;
			children = (
				1F11764F2AB950C200E00180 /* CafeListItem.swift */,
				1F80330C2B153E180002DA7D /* ProductListItem.swift */,
				1F80330E2B1541190002DA7D /* ProductCollectionViewCell.swift */,
			);
			path = Items;
			sourceTree = "<group>";
		};
		1F9924252A881041000852CF /* Labels */ = {
			isa = PBXGroup;
			children = (
				1F9924272A881091000852CF /* LogoLabel.swift */,
				1F5C4E492AA7A2B100440CAB /* PageLabel.swift */,
			);
			path = Labels;
			sourceTree = "<group>";
		};
		1F9924292A8813DE000852CF /* Constants */ = {
			isa = PBXGroup;
			children = (
				1F99242A2A881402000852CF /* Fonts.swift */,
				1F2E0AA42A8D627400C990E1 /* Colors.swift */,
			);
			path = Constants;
			sourceTree = "<group>";
		};
		1F99243B2A88AFCA000852CF /* Fonts */ = {
			isa = PBXGroup;
			children = (
				1F6A5A862B1FC99400B17F71 /* Lobster-Regular.ttf */,
			);
			path = Fonts;
			sourceTree = "<group>";
		};
		1FE5928E2AAFAABD00B255C1 /* MockData */ = {
			isa = PBXGroup;
			children = (
				1FE5928F2AAFAADE00B255C1 /* AllCafeMockData.swift */,
				1FD210DB2B1BD03600C90CAD /* CafeProductsMocks.swift */,
			);
			path = MockData;
			sourceTree = "<group>";
		};
		68561F9DCE34B109348D9193 /* Pods */ = {
			isa = PBXGroup;
			children = (
				45118370F5BB142DFF3908E1 /* Pods-CoffeTimeMVC.debug.xcconfig */,
				3D1C44CE7DD1BF99C7387FE6 /* Pods-CoffeTimeMVC.release.xcconfig */,
				DC7FED231D69B895BCF13BF8 /* Pods-CoffeTimeMVCTests.debug.xcconfig */,
				D3E3702F57D5C85A31F3E4EA /* Pods-CoffeTimeMVCTests.release.xcconfig */,
				537082C30DB1382FC3C592B2 /* Pods-CoffeTimeMVCUITests.debug.xcconfig */,
				03BFDF4C4B3859E09E99A92B /* Pods-CoffeTimeMVCUITests.release.xcconfig */,
			);
			path = Pods;
			sourceTree = "<group>";
		};
		FF5A6B49DDB45475C04EA3B7 /* Frameworks */ = {
			isa = PBXGroup;
			children = (
				D7C6DDA886B0F2ECB736AC61 /* Pods_CoffeTimeMVC.framework */,
				CD97A0E5B368303B23C7B528 /* Pods_CoffeTimeMVCTests.framework */,
				5047E2E0C872842F4102E3D8 /* Pods_CoffeTimeMVCUITests.framework */,
			);
			name = Frameworks;
			sourceTree = "<group>";
		};
/* End PBXGroup section */

/* Begin PBXNativeTarget section */
		1F9922CE2A81EB71000852CF /* CoffeTimeMVC */ = {
			isa = PBXNativeTarget;
			buildConfigurationList = 1F9922F92A81EB72000852CF /* Build configuration list for PBXNativeTarget "CoffeTimeMVC" */;
			buildPhases = (
				E6D7E9D95C7BB1AE9861BF19 /* [CP] Check Pods Manifest.lock */,
				1F9922CB2A81EB71000852CF /* Sources */,
				1F9922CC2A81EB71000852CF /* Frameworks */,
				1F9922CD2A81EB71000852CF /* Resources */,
				8E90B5313F9280CE7F35A24A /* [CP] Copy Pods Resources */,
			);
			buildRules = (
			);
			dependencies = (
			);
			name = CoffeTimeMVC;
			productName = CoffeTimeMVC;
			productReference = 1F9922CF2A81EB71000852CF /* CoffeTimeMVC.app */;
			productType = "com.apple.product-type.application";
		};
		1F9922E42A81EB72000852CF /* CoffeTimeMVCTests */ = {
			isa = PBXNativeTarget;
			buildConfigurationList = 1F9922FC2A81EB72000852CF /* Build configuration list for PBXNativeTarget "CoffeTimeMVCTests" */;
			buildPhases = (
				C3D25E9A44F055BE41F21AF9 /* [CP] Check Pods Manifest.lock */,
				1F9922E12A81EB72000852CF /* Sources */,
				1F9922E22A81EB72000852CF /* Frameworks */,
				1F9922E32A81EB72000852CF /* Resources */,
			);
			buildRules = (
			);
			dependencies = (
				1F9922E72A81EB72000852CF /* PBXTargetDependency */,
			);
			name = CoffeTimeMVCTests;
			productName = CoffeTimeMVCTests;
			productReference = 1F9922E52A81EB72000852CF /* CoffeTimeMVCTests.xctest */;
			productType = "com.apple.product-type.bundle.unit-test";
		};
		1F9922EE2A81EB72000852CF /* CoffeTimeMVCUITests */ = {
			isa = PBXNativeTarget;
			buildConfigurationList = 1F9922FF2A81EB72000852CF /* Build configuration list for PBXNativeTarget "CoffeTimeMVCUITests" */;
			buildPhases = (
				DC68ED986D0731F8DB408AD4 /* [CP] Check Pods Manifest.lock */,
				1F9922EB2A81EB72000852CF /* Sources */,
				1F9922EC2A81EB72000852CF /* Frameworks */,
				1F9922ED2A81EB72000852CF /* Resources */,
			);
			buildRules = (
			);
			dependencies = (
				1F9922F12A81EB72000852CF /* PBXTargetDependency */,
			);
			name = CoffeTimeMVCUITests;
			productName = CoffeTimeMVCUITests;
			productReference = 1F9922EF2A81EB72000852CF /* CoffeTimeMVCUITests.xctest */;
			productType = "com.apple.product-type.bundle.ui-testing";
		};
/* End PBXNativeTarget section */

/* Begin PBXProject section */
		1F9922C72A81EB71000852CF /* Project object */ = {
			isa = PBXProject;
			attributes = {
				BuildIndependentTargetsInParallel = 1;
				LastSwiftUpdateCheck = 1430;
				LastUpgradeCheck = 1430;
				TargetAttributes = {
					1F9922CE2A81EB71000852CF = {
						CreatedOnToolsVersion = 14.3.1;
					};
					1F9922E42A81EB72000852CF = {
						CreatedOnToolsVersion = 14.3.1;
						TestTargetID = 1F9922CE2A81EB71000852CF;
					};
					1F9922EE2A81EB72000852CF = {
						CreatedOnToolsVersion = 14.3.1;
						TestTargetID = 1F9922CE2A81EB71000852CF;
					};
				};
			};
			buildConfigurationList = 1F9922CA2A81EB71000852CF /* Build configuration list for PBXProject "CoffeTimeMVC" */;
			compatibilityVersion = "Xcode 14.0";
			developmentRegion = en;
			hasScannedForEncodings = 0;
			knownRegions = (
				en,
				Base,
			);
			mainGroup = 1F9922C62A81EB71000852CF;
			productRefGroup = 1F9922D02A81EB71000852CF /* Products */;
			projectDirPath = "";
			projectRoot = "";
			targets = (
				1F9922CE2A81EB71000852CF /* CoffeTimeMVC */,
				1F9922E42A81EB72000852CF /* CoffeTimeMVCTests */,
				1F9922EE2A81EB72000852CF /* CoffeTimeMVCUITests */,
			);
		};
/* End PBXProject section */

/* Begin PBXResourcesBuildPhase section */
		1F9922CD2A81EB71000852CF /* Resources */ = {
			isa = PBXResourcesBuildPhase;
			buildActionMask = 2147483647;
			files = (
				1F6A5A872B1FC99400B17F71 /* Lobster-Regular.ttf in Resources */,
				1F7D971A2ABD87B80060CE70 /* Ricardo.gif in Resources */,
				1F4D3CA22AA137B200915D11 /* rw.mp3 in Resources */,
				1F9922DF2A81EB72000852CF /* LaunchScreen.storyboard in Resources */,
				1F9922DC2A81EB72000852CF /* Assets.xcassets in Resources */,
			);
			runOnlyForDeploymentPostprocessing = 0;
		};
		1F9922E32A81EB72000852CF /* Resources */ = {
			isa = PBXResourcesBuildPhase;
			buildActionMask = 2147483647;
			files = (
			);
			runOnlyForDeploymentPostprocessing = 0;
		};
		1F9922ED2A81EB72000852CF /* Resources */ = {
			isa = PBXResourcesBuildPhase;
			buildActionMask = 2147483647;
			files = (
			);
			runOnlyForDeploymentPostprocessing = 0;
		};
/* End PBXResourcesBuildPhase section */

/* Begin PBXShellScriptBuildPhase section */
		8E90B5313F9280CE7F35A24A /* [CP] Copy Pods Resources */ = {
			isa = PBXShellScriptBuildPhase;
			buildActionMask = 2147483647;
			files = (
			);
			inputFileListPaths = (
				"${PODS_ROOT}/Target Support Files/Pods-CoffeTimeMVC/Pods-CoffeTimeMVC-resources-${CONFIGURATION}-input-files.xcfilelist",
			);
			name = "[CP] Copy Pods Resources";
			outputFileListPaths = (
				"${PODS_ROOT}/Target Support Files/Pods-CoffeTimeMVC/Pods-CoffeTimeMVC-resources-${CONFIGURATION}-output-files.xcfilelist",
			);
			runOnlyForDeploymentPostprocessing = 0;
			shellPath = /bin/sh;
			shellScript = "\"${PODS_ROOT}/Target Support Files/Pods-CoffeTimeMVC/Pods-CoffeTimeMVC-resources.sh\"\n";
			showEnvVarsInLog = 0;
		};
		C3D25E9A44F055BE41F21AF9 /* [CP] Check Pods Manifest.lock */ = {
			isa = PBXShellScriptBuildPhase;
			buildActionMask = 2147483647;
			files = (
			);
			inputFileListPaths = (
			);
			inputPaths = (
				"${PODS_PODFILE_DIR_PATH}/Podfile.lock",
				"${PODS_ROOT}/Manifest.lock",
			);
			name = "[CP] Check Pods Manifest.lock";
			outputFileListPaths = (
			);
			outputPaths = (
				"$(DERIVED_FILE_DIR)/Pods-CoffeTimeMVCTests-checkManifestLockResult.txt",
			);
			runOnlyForDeploymentPostprocessing = 0;
			shellPath = /bin/sh;
			shellScript = "diff \"${PODS_PODFILE_DIR_PATH}/Podfile.lock\" \"${PODS_ROOT}/Manifest.lock\" > /dev/null\nif [ $? != 0 ] ; then\n    # print error to STDERR\n    echo \"error: The sandbox is not in sync with the Podfile.lock. Run 'pod install' or update your CocoaPods installation.\" >&2\n    exit 1\nfi\n# This output is used by Xcode 'outputs' to avoid re-running this script phase.\necho \"SUCCESS\" > \"${SCRIPT_OUTPUT_FILE_0}\"\n";
			showEnvVarsInLog = 0;
		};
		DC68ED986D0731F8DB408AD4 /* [CP] Check Pods Manifest.lock */ = {
			isa = PBXShellScriptBuildPhase;
			buildActionMask = 2147483647;
			files = (
			);
			inputFileListPaths = (
			);
			inputPaths = (
				"${PODS_PODFILE_DIR_PATH}/Podfile.lock",
				"${PODS_ROOT}/Manifest.lock",
			);
			name = "[CP] Check Pods Manifest.lock";
			outputFileListPaths = (
			);
			outputPaths = (
				"$(DERIVED_FILE_DIR)/Pods-CoffeTimeMVCUITests-checkManifestLockResult.txt",
			);
			runOnlyForDeploymentPostprocessing = 0;
			shellPath = /bin/sh;
			shellScript = "diff \"${PODS_PODFILE_DIR_PATH}/Podfile.lock\" \"${PODS_ROOT}/Manifest.lock\" > /dev/null\nif [ $? != 0 ] ; then\n    # print error to STDERR\n    echo \"error: The sandbox is not in sync with the Podfile.lock. Run 'pod install' or update your CocoaPods installation.\" >&2\n    exit 1\nfi\n# This output is used by Xcode 'outputs' to avoid re-running this script phase.\necho \"SUCCESS\" > \"${SCRIPT_OUTPUT_FILE_0}\"\n";
			showEnvVarsInLog = 0;
		};
		E6D7E9D95C7BB1AE9861BF19 /* [CP] Check Pods Manifest.lock */ = {
			isa = PBXShellScriptBuildPhase;
			buildActionMask = 2147483647;
			files = (
			);
			inputFileListPaths = (
			);
			inputPaths = (
				"${PODS_PODFILE_DIR_PATH}/Podfile.lock",
				"${PODS_ROOT}/Manifest.lock",
			);
			name = "[CP] Check Pods Manifest.lock";
			outputFileListPaths = (
			);
			outputPaths = (
				"$(DERIVED_FILE_DIR)/Pods-CoffeTimeMVC-checkManifestLockResult.txt",
			);
			runOnlyForDeploymentPostprocessing = 0;
			shellPath = /bin/sh;
			shellScript = "diff \"${PODS_PODFILE_DIR_PATH}/Podfile.lock\" \"${PODS_ROOT}/Manifest.lock\" > /dev/null\nif [ $? != 0 ] ; then\n    # print error to STDERR\n    echo \"error: The sandbox is not in sync with the Podfile.lock. Run 'pod install' or update your CocoaPods installation.\" >&2\n    exit 1\nfi\n# This output is used by Xcode 'outputs' to avoid re-running this script phase.\necho \"SUCCESS\" > \"${SCRIPT_OUTPUT_FILE_0}\"\n";
			showEnvVarsInLog = 0;
		};
/* End PBXShellScriptBuildPhase section */

/* Begin PBXSourcesBuildPhase section */
		1F9922CB2A81EB71000852CF /* Sources */ = {
			isa = PBXSourcesBuildPhase;
			buildActionMask = 2147483647;
			files = (
				1F9923D12A842E34000852CF /* EntityModelMapProtocol.swift in Sources */,
				1F80330F2B1541190002DA7D /* ProductCollectionViewCell.swift in Sources */,
				1FD210DC2B1BD03600C90CAD /* CafeProductsMocks.swift in Sources */,
				1F2E0AA52A8D627500C990E1 /* Colors.swift in Sources */,
				1F9923C32A842D8F000852CF /* Product+CoreDataProperties.swift in Sources */,
				1F2E0A9E2A8904F600C990E1 /* EmailInput.swift in Sources */,
				1F9923CB2A842D8F000852CF /* AllProducts+CoreDataProperties.swift in Sources */,
				1F9923DB2A843002000852CF /* AllProductsModel.swift in Sources */,
				1F9923C42A842D8F000852CF /* AllCafe+CoreDataClass.swift in Sources */,
				1F1176502AB950C200E00180 /* CafeListItem.swift in Sources */,
				1F3411742A9A35B2007F228C /* ErrorViewController.swift in Sources */,
				1FE592902AAFAADE00B255C1 /* AllCafeMockData.swift in Sources */,
				1F9923C92A842D8F000852CF /* Cafe+CoreDataProperties.swift in Sources */,
				1F9923C62A842D8F000852CF /* UserData+CoreDataClass.swift in Sources */,
				1F3411722A9A358D007F228C /* ErrorView.swift in Sources */,
				1F5C4E4A2AA7A2B100440CAB /* PageLabel.swift in Sources */,
				1FD210E02B1BF57400C90CAD /* ProductView.swift in Sources */,
				1F0AB5F12AFADA5D0036C759 /* LoadImageManager.swift in Sources */,
				1F9923E12A860ADF000852CF /* ProductService.swift in Sources */,
				1F99166A2AD33E93003306DA /* PageHeaderView.swift in Sources */,
				1F9923CC2A842D8F000852CF /* CafeProduct+CoreDataClass.swift in Sources */,
				1F6A5A962B1FD55D00B17F71 /* RegistartionViewController.swift in Sources */,
				1F44C1FE2A94030200613176 /* ValidationStrategy.swift in Sources */,
				1F9923D32A842F5A000852CF /* ProductModel.swift in Sources */,
				1F11764E2AB5DD9700E00180 /* LoaderView.swift in Sources */,
				1F9923E72A860CC4000852CF /* CafeService.swift in Sources */,
				1F4918142AEE3ECB0011CCDE /* Drawer+Extension.swift in Sources */,
				1F9923ED2A860E40000852CF /* CafeProductService.swift in Sources */,
				1F2491382ACB3BAE00A11802 /* CustomModalViewController.swift in Sources */,
				1F08ECA02AFEE231007263AF /* CafeCarouselView.swift in Sources */,
				1F9923C82A842D8F000852CF /* Cafe+CoreDataClass.swift in Sources */,
				1F2E0AA92A8D766100C990E1 /* BaseInput.swift in Sources */,
				1F248E342AA501DD002ACA5E /* CafeListView.swift in Sources */,
				1F99230F2A81FE25000852CF /* CoreDataManager.swift in Sources */,
				1F9923CA2A842D8F000852CF /* AllProducts+CoreDataClass.swift in Sources */,
				1F9923F42A861040000852CF /* LoginView.swift in Sources */,
				1F08EC9E2AFEDC08007263AF /* SearchButton.swift in Sources */,
				1F2E0AA32A8D5C3800C990E1 /* BaseButton.swift in Sources */,
				1FD210DE2B1BF09400C90CAD /* ProductViewController.swift in Sources */,
				1F49181A2AEED50D0011CCDE /* EmptyView.swift in Sources */,
				1F4918182AEECF570011CCDE /* FavoriteView.swift in Sources */,
				1F52BE982A987E010003995F /* ApiEndpoints.swift in Sources */,
				1F9923CD2A842D8F000852CF /* CafeProduct+CoreDataProperties.swift in Sources */,
				1F5C4E4C2AA7A53400440CAB /* BackButton.swift in Sources */,
				1F2E0AAF2A923ED000C990E1 /* BaseAuthView.swift in Sources */,
				1F8649E72AA53D6100CEB609 /* AuthViewControllerExtension.swift in Sources */,
				1F9923C52A842D8F000852CF /* AllCafe+CoreDataProperties.swift in Sources */,
				1F248E322AA501C7002ACA5E /* CafeListViewController.swift in Sources */,
				1F99242B2A881402000852CF /* Fonts.swift in Sources */,
				1F9924282A881091000852CF /* LogoLabel.swift in Sources */,
				1F9916622AD33356003306DA /* CafeViewController.swift in Sources */,
				1F7D97172ABD82CA0060CE70 /* UIImg + Extension.swift in Sources */,
				1F2E0AA12A8C306300C990E1 /* PasswordInput.swift in Sources */,
				1F9923F62A863215000852CF /* HttpRequestHelper.swift in Sources */,
				1F9923C72A842D8F000852CF /* UserData+CoreDataProperties.swift in Sources */,
				1F9923E92A860CFF000852CF /* AllProductsService.swift in Sources */,
				1F9923E52A860CAA000852CF /* UserDataService.swift in Sources */,
				1F9923C02A842D8F000852CF /* ProductAttribute+CoreDataClass.swift in Sources */,
				1F2491362ACB37CC00A11802 /* CoordinateLocation+Extension.swift in Sources */,
				1F4918102AED8FD40011CCDE /* DrawerMenuViewController.swift in Sources */,
				1F2E0AA72A8D6A4600C990E1 /* RegistrationButton.swift in Sources */,
				1F9922D32A81EB71000852CF /* AppDelegate.swift in Sources */,
				1F9916642AD33369003306DA /* CafeView.swift in Sources */,
				1F9923C12A842D8F000852CF /* ProductAttribute+CoreDataProperties.swift in Sources */,
				1F4918122AED90BC0011CCDE /* DrawerMenuView.swift in Sources */,
				1F9923DD2A8430A8000852CF /* CafeProductModel.swift in Sources */,
				1F9923DF2A8430DF000852CF /* AllCafeProductsModel.swift in Sources */,
				1F4D3C9A2A9D452300915D11 /* ShowErrViewExtention.swift in Sources */,
				1F24913A2ACB3CEF00A11802 /* ModalView.swift in Sources */,
				1F9923CF2A842D8F000852CF /* AllCafeProduct+CoreDataProperties.swift in Sources */,
				1F80330D2B153E180002DA7D /* ProductListItem.swift in Sources */,
				1F9923D92A842FDF000852CF /* CafeModel.swift in Sources */,
				1F9923D52A842F98000852CF /* AllCafeModel.swift in Sources */,
				1F4918162AEECF450011CCDE /* FavoriteViewController.swift in Sources */,
				1F9923EB2A860E0A000852CF /* AllCafeProductsService.swift in Sources */,
				1F9923C22A842D8F000852CF /* Product+CoreDataClass.swift in Sources */,
				1F9923062A81ECE7000852CF /* LoginViewController.swift in Sources */,
				1F99230D2A81F7BB000852CF /* CoffeTimeDataList.xcdatamodeld in Sources */,
				1F9923E32A860C8A000852CF /* AllCafeService.swift in Sources */,
				1F9922D52A81EB71000852CF /* SceneDelegate.swift in Sources */,
				1F2E0AAB2A92236100C990E1 /* RegistrationView.swift in Sources */,
				1F4D3C9C2A9D477400915D11 /* NotificationCenterManager.swift in Sources */,
				1F9923D72A842FC0000852CF /* UserDataModel.swift in Sources */,
				1F9923CE2A842D8F000852CF /* AllCafeProduct+CoreDataClass.swift in Sources */,
			);
			runOnlyForDeploymentPostprocessing = 0;
		};
		1F9922E12A81EB72000852CF /* Sources */ = {
			isa = PBXSourcesBuildPhase;
			buildActionMask = 2147483647;
			files = (
				1F9922EA2A81EB72000852CF /* CoffeTimeMVCTests.swift in Sources */,
			);
			runOnlyForDeploymentPostprocessing = 0;
		};
		1F9922EB2A81EB72000852CF /* Sources */ = {
			isa = PBXSourcesBuildPhase;
			buildActionMask = 2147483647;
			files = (
				1F9922F62A81EB72000852CF /* CoffeTimeMVCUITestsLaunchTests.swift in Sources */,
				1F9922F42A81EB72000852CF /* CoffeTimeMVCUITests.swift in Sources */,
			);
			runOnlyForDeploymentPostprocessing = 0;
		};
/* End PBXSourcesBuildPhase section */

/* Begin PBXTargetDependency section */
		1F9922E72A81EB72000852CF /* PBXTargetDependency */ = {
			isa = PBXTargetDependency;
			target = 1F9922CE2A81EB71000852CF /* CoffeTimeMVC */;
			targetProxy = 1F9922E62A81EB72000852CF /* PBXContainerItemProxy */;
		};
		1F9922F12A81EB72000852CF /* PBXTargetDependency */ = {
			isa = PBXTargetDependency;
			target = 1F9922CE2A81EB71000852CF /* CoffeTimeMVC */;
			targetProxy = 1F9922F02A81EB72000852CF /* PBXContainerItemProxy */;
		};
/* End PBXTargetDependency section */

/* Begin PBXVariantGroup section */
		1F9922DD2A81EB72000852CF /* LaunchScreen.storyboard */ = {
			isa = PBXVariantGroup;
			children = (
				1F9922DE2A81EB72000852CF /* Base */,
			);
			name = LaunchScreen.storyboard;
			sourceTree = "<group>";
		};
/* End PBXVariantGroup section */

/* Begin XCBuildConfiguration section */
		1F9922F72A81EB72000852CF /* Debug */ = {
			isa = XCBuildConfiguration;
			buildSettings = {
				ALWAYS_SEARCH_USER_PATHS = NO;
				CLANG_ANALYZER_NONNULL = YES;
				CLANG_ANALYZER_NUMBER_OBJECT_CONVERSION = YES_AGGRESSIVE;
				CLANG_CXX_LANGUAGE_STANDARD = "gnu++20";
				CLANG_ENABLE_MODULES = YES;
				CLANG_ENABLE_OBJC_ARC = YES;
				CLANG_ENABLE_OBJC_WEAK = YES;
				CLANG_WARN_BLOCK_CAPTURE_AUTORELEASING = YES;
				CLANG_WARN_BOOL_CONVERSION = YES;
				CLANG_WARN_COMMA = YES;
				CLANG_WARN_CONSTANT_CONVERSION = YES;
				CLANG_WARN_DEPRECATED_OBJC_IMPLEMENTATIONS = YES;
				CLANG_WARN_DIRECT_OBJC_ISA_USAGE = YES_ERROR;
				CLANG_WARN_DOCUMENTATION_COMMENTS = YES;
				CLANG_WARN_EMPTY_BODY = YES;
				CLANG_WARN_ENUM_CONVERSION = YES;
				CLANG_WARN_INFINITE_RECURSION = YES;
				CLANG_WARN_INT_CONVERSION = YES;
				CLANG_WARN_NON_LITERAL_NULL_CONVERSION = YES;
				CLANG_WARN_OBJC_IMPLICIT_RETAIN_SELF = YES;
				CLANG_WARN_OBJC_LITERAL_CONVERSION = YES;
				CLANG_WARN_OBJC_ROOT_CLASS = YES_ERROR;
				CLANG_WARN_QUOTED_INCLUDE_IN_FRAMEWORK_HEADER = YES;
				CLANG_WARN_RANGE_LOOP_ANALYSIS = YES;
				CLANG_WARN_STRICT_PROTOTYPES = YES;
				CLANG_WARN_SUSPICIOUS_MOVE = YES;
				CLANG_WARN_UNGUARDED_AVAILABILITY = YES_AGGRESSIVE;
				CLANG_WARN_UNREACHABLE_CODE = YES;
				CLANG_WARN__DUPLICATE_METHOD_MATCH = YES;
				COPY_PHASE_STRIP = NO;
				DEBUG_INFORMATION_FORMAT = dwarf;
				ENABLE_STRICT_OBJC_MSGSEND = YES;
				ENABLE_TESTABILITY = YES;
				GCC_C_LANGUAGE_STANDARD = gnu11;
				GCC_DYNAMIC_NO_PIC = NO;
				GCC_NO_COMMON_BLOCKS = YES;
				GCC_OPTIMIZATION_LEVEL = 0;
				GCC_PREPROCESSOR_DEFINITIONS = (
					"DEBUG=1",
					"$(inherited)",
				);
				GCC_WARN_64_TO_32_BIT_CONVERSION = YES;
				GCC_WARN_ABOUT_RETURN_TYPE = YES_ERROR;
				GCC_WARN_UNDECLARED_SELECTOR = YES;
				GCC_WARN_UNINITIALIZED_AUTOS = YES_AGGRESSIVE;
				GCC_WARN_UNUSED_FUNCTION = YES;
				GCC_WARN_UNUSED_VARIABLE = YES;
				IPHONEOS_DEPLOYMENT_TARGET = 16.4;
				MTL_ENABLE_DEBUG_INFO = INCLUDE_SOURCE;
				MTL_FAST_MATH = YES;
				ONLY_ACTIVE_ARCH = YES;
				SDKROOT = iphoneos;
				SWIFT_ACTIVE_COMPILATION_CONDITIONS = DEBUG;
				SWIFT_OPTIMIZATION_LEVEL = "-Onone";
			};
			name = Debug;
		};
		1F9922F82A81EB72000852CF /* Release */ = {
			isa = XCBuildConfiguration;
			buildSettings = {
				ALWAYS_SEARCH_USER_PATHS = NO;
				CLANG_ANALYZER_NONNULL = YES;
				CLANG_ANALYZER_NUMBER_OBJECT_CONVERSION = YES_AGGRESSIVE;
				CLANG_CXX_LANGUAGE_STANDARD = "gnu++20";
				CLANG_ENABLE_MODULES = YES;
				CLANG_ENABLE_OBJC_ARC = YES;
				CLANG_ENABLE_OBJC_WEAK = YES;
				CLANG_WARN_BLOCK_CAPTURE_AUTORELEASING = YES;
				CLANG_WARN_BOOL_CONVERSION = YES;
				CLANG_WARN_COMMA = YES;
				CLANG_WARN_CONSTANT_CONVERSION = YES;
				CLANG_WARN_DEPRECATED_OBJC_IMPLEMENTATIONS = YES;
				CLANG_WARN_DIRECT_OBJC_ISA_USAGE = YES_ERROR;
				CLANG_WARN_DOCUMENTATION_COMMENTS = YES;
				CLANG_WARN_EMPTY_BODY = YES;
				CLANG_WARN_ENUM_CONVERSION = YES;
				CLANG_WARN_INFINITE_RECURSION = YES;
				CLANG_WARN_INT_CONVERSION = YES;
				CLANG_WARN_NON_LITERAL_NULL_CONVERSION = YES;
				CLANG_WARN_OBJC_IMPLICIT_RETAIN_SELF = YES;
				CLANG_WARN_OBJC_LITERAL_CONVERSION = YES;
				CLANG_WARN_OBJC_ROOT_CLASS = YES_ERROR;
				CLANG_WARN_QUOTED_INCLUDE_IN_FRAMEWORK_HEADER = YES;
				CLANG_WARN_RANGE_LOOP_ANALYSIS = YES;
				CLANG_WARN_STRICT_PROTOTYPES = YES;
				CLANG_WARN_SUSPICIOUS_MOVE = YES;
				CLANG_WARN_UNGUARDED_AVAILABILITY = YES_AGGRESSIVE;
				CLANG_WARN_UNREACHABLE_CODE = YES;
				CLANG_WARN__DUPLICATE_METHOD_MATCH = YES;
				COPY_PHASE_STRIP = NO;
				DEBUG_INFORMATION_FORMAT = "dwarf-with-dsym";
				ENABLE_NS_ASSERTIONS = NO;
				ENABLE_STRICT_OBJC_MSGSEND = YES;
				GCC_C_LANGUAGE_STANDARD = gnu11;
				GCC_NO_COMMON_BLOCKS = YES;
				GCC_WARN_64_TO_32_BIT_CONVERSION = YES;
				GCC_WARN_ABOUT_RETURN_TYPE = YES_ERROR;
				GCC_WARN_UNDECLARED_SELECTOR = YES;
				GCC_WARN_UNINITIALIZED_AUTOS = YES_AGGRESSIVE;
				GCC_WARN_UNUSED_FUNCTION = YES;
				GCC_WARN_UNUSED_VARIABLE = YES;
				IPHONEOS_DEPLOYMENT_TARGET = 16.4;
				MTL_ENABLE_DEBUG_INFO = NO;
				MTL_FAST_MATH = YES;
				SDKROOT = iphoneos;
				SWIFT_COMPILATION_MODE = wholemodule;
				SWIFT_OPTIMIZATION_LEVEL = "-O";
				VALIDATE_PRODUCT = YES;
			};
			name = Release;
		};
		1F9922FA2A81EB72000852CF /* Debug */ = {
			isa = XCBuildConfiguration;
			baseConfigurationReference = 45118370F5BB142DFF3908E1 /* Pods-CoffeTimeMVC.debug.xcconfig */;
			buildSettings = {
				ASSETCATALOG_COMPILER_APPICON_NAME = AppIcon;
				ASSETCATALOG_COMPILER_GLOBAL_ACCENT_COLOR_NAME = AccentColor;
				CODE_SIGN_STYLE = Automatic;
				CURRENT_PROJECT_VERSION = 1;
				GENERATE_INFOPLIST_FILE = YES;
				INFOPLIST_FILE = CoffeTimeMVC/Info.plist;
				INFOPLIST_KEY_UIApplicationSupportsIndirectInputEvents = YES;
				INFOPLIST_KEY_UILaunchStoryboardName = LaunchScreen;
				INFOPLIST_KEY_UIRequiresFullScreen = NO;
				INFOPLIST_KEY_UIStatusBarStyle = "";
				INFOPLIST_KEY_UISupportedInterfaceOrientations_iPad = "UIInterfaceOrientationPortrait UIInterfaceOrientationPortraitUpsideDown UIInterfaceOrientationLandscapeLeft UIInterfaceOrientationLandscapeRight";
				INFOPLIST_KEY_UISupportedInterfaceOrientations_iPhone = "UIInterfaceOrientationPortrait UIInterfaceOrientationLandscapeLeft UIInterfaceOrientationLandscapeRight";
				LD_RUNPATH_SEARCH_PATHS = (
					"$(inherited)",
					"@executable_path/Frameworks",
				);
				MARKETING_VERSION = 1.0;
				PRODUCT_BUNDLE_IDENTIFIER = learn.CoffeTimeMVC;
				PRODUCT_NAME = "$(TARGET_NAME)";
				SWIFT_EMIT_LOC_STRINGS = YES;
				SWIFT_VERSION = 5.0;
				TARGETED_DEVICE_FAMILY = "1,2";
			};
			name = Debug;
		};
		1F9922FB2A81EB72000852CF /* Release */ = {
			isa = XCBuildConfiguration;
			baseConfigurationReference = 3D1C44CE7DD1BF99C7387FE6 /* Pods-CoffeTimeMVC.release.xcconfig */;
			buildSettings = {
				ASSETCATALOG_COMPILER_APPICON_NAME = AppIcon;
				ASSETCATALOG_COMPILER_GLOBAL_ACCENT_COLOR_NAME = AccentColor;
				CODE_SIGN_STYLE = Automatic;
				CURRENT_PROJECT_VERSION = 1;
				GENERATE_INFOPLIST_FILE = YES;
				INFOPLIST_FILE = CoffeTimeMVC/Info.plist;
				INFOPLIST_KEY_UIApplicationSupportsIndirectInputEvents = YES;
				INFOPLIST_KEY_UILaunchStoryboardName = LaunchScreen;
				INFOPLIST_KEY_UIRequiresFullScreen = NO;
				INFOPLIST_KEY_UIStatusBarStyle = "";
				INFOPLIST_KEY_UISupportedInterfaceOrientations_iPad = "UIInterfaceOrientationPortrait UIInterfaceOrientationPortraitUpsideDown UIInterfaceOrientationLandscapeLeft UIInterfaceOrientationLandscapeRight";
				INFOPLIST_KEY_UISupportedInterfaceOrientations_iPhone = "UIInterfaceOrientationPortrait UIInterfaceOrientationLandscapeLeft UIInterfaceOrientationLandscapeRight";
				LD_RUNPATH_SEARCH_PATHS = (
					"$(inherited)",
					"@executable_path/Frameworks",
				);
				MARKETING_VERSION = 1.0;
				PRODUCT_BUNDLE_IDENTIFIER = learn.CoffeTimeMVC;
				PRODUCT_NAME = "$(TARGET_NAME)";
				SWIFT_EMIT_LOC_STRINGS = YES;
				SWIFT_VERSION = 5.0;
				TARGETED_DEVICE_FAMILY = "1,2";
			};
			name = Release;
		};
		1F9922FD2A81EB72000852CF /* Debug */ = {
			isa = XCBuildConfiguration;
			baseConfigurationReference = DC7FED231D69B895BCF13BF8 /* Pods-CoffeTimeMVCTests.debug.xcconfig */;
			buildSettings = {
				ALWAYS_EMBED_SWIFT_STANDARD_LIBRARIES = YES;
				BUNDLE_LOADER = "$(TEST_HOST)";
				CODE_SIGN_STYLE = Automatic;
				CURRENT_PROJECT_VERSION = 1;
				GENERATE_INFOPLIST_FILE = YES;
				IPHONEOS_DEPLOYMENT_TARGET = 16.4;
				MARKETING_VERSION = 1.0;
				PRODUCT_BUNDLE_IDENTIFIER = learn.CoffeTimeMVCTests;
				PRODUCT_NAME = "$(TARGET_NAME)";
				SWIFT_EMIT_LOC_STRINGS = NO;
				SWIFT_VERSION = 5.0;
				TARGETED_DEVICE_FAMILY = "1,2";
				TEST_HOST = "$(BUILT_PRODUCTS_DIR)/CoffeTimeMVC.app/$(BUNDLE_EXECUTABLE_FOLDER_PATH)/CoffeTimeMVC";
			};
			name = Debug;
		};
		1F9922FE2A81EB72000852CF /* Release */ = {
			isa = XCBuildConfiguration;
			baseConfigurationReference = D3E3702F57D5C85A31F3E4EA /* Pods-CoffeTimeMVCTests.release.xcconfig */;
			buildSettings = {
				ALWAYS_EMBED_SWIFT_STANDARD_LIBRARIES = YES;
				BUNDLE_LOADER = "$(TEST_HOST)";
				CODE_SIGN_STYLE = Automatic;
				CURRENT_PROJECT_VERSION = 1;
				GENERATE_INFOPLIST_FILE = YES;
				IPHONEOS_DEPLOYMENT_TARGET = 16.4;
				MARKETING_VERSION = 1.0;
				PRODUCT_BUNDLE_IDENTIFIER = learn.CoffeTimeMVCTests;
				PRODUCT_NAME = "$(TARGET_NAME)";
				SWIFT_EMIT_LOC_STRINGS = NO;
				SWIFT_VERSION = 5.0;
				TARGETED_DEVICE_FAMILY = "1,2";
				TEST_HOST = "$(BUILT_PRODUCTS_DIR)/CoffeTimeMVC.app/$(BUNDLE_EXECUTABLE_FOLDER_PATH)/CoffeTimeMVC";
			};
			name = Release;
		};
		1F9923002A81EB72000852CF /* Debug */ = {
			isa = XCBuildConfiguration;
			baseConfigurationReference = 537082C30DB1382FC3C592B2 /* Pods-CoffeTimeMVCUITests.debug.xcconfig */;
			buildSettings = {
				ALWAYS_EMBED_SWIFT_STANDARD_LIBRARIES = YES;
				CODE_SIGN_STYLE = Automatic;
				CURRENT_PROJECT_VERSION = 1;
				GENERATE_INFOPLIST_FILE = YES;
				MARKETING_VERSION = 1.0;
				PRODUCT_BUNDLE_IDENTIFIER = learn.CoffeTimeMVCUITests;
				PRODUCT_NAME = "$(TARGET_NAME)";
				SWIFT_EMIT_LOC_STRINGS = NO;
				SWIFT_VERSION = 5.0;
				TARGETED_DEVICE_FAMILY = "1,2";
				TEST_TARGET_NAME = CoffeTimeMVC;
			};
			name = Debug;
		};
		1F9923012A81EB72000852CF /* Release */ = {
			isa = XCBuildConfiguration;
			baseConfigurationReference = 03BFDF4C4B3859E09E99A92B /* Pods-CoffeTimeMVCUITests.release.xcconfig */;
			buildSettings = {
				ALWAYS_EMBED_SWIFT_STANDARD_LIBRARIES = YES;
				CODE_SIGN_STYLE = Automatic;
				CURRENT_PROJECT_VERSION = 1;
				GENERATE_INFOPLIST_FILE = YES;
				MARKETING_VERSION = 1.0;
				PRODUCT_BUNDLE_IDENTIFIER = learn.CoffeTimeMVCUITests;
				PRODUCT_NAME = "$(TARGET_NAME)";
				SWIFT_EMIT_LOC_STRINGS = NO;
				SWIFT_VERSION = 5.0;
				TARGETED_DEVICE_FAMILY = "1,2";
				TEST_TARGET_NAME = CoffeTimeMVC;
			};
			name = Release;
		};
/* End XCBuildConfiguration section */

/* Begin XCConfigurationList section */
		1F9922CA2A81EB71000852CF /* Build configuration list for PBXProject "CoffeTimeMVC" */ = {
			isa = XCConfigurationList;
			buildConfigurations = (
				1F9922F72A81EB72000852CF /* Debug */,
				1F9922F82A81EB72000852CF /* Release */,
			);
			defaultConfigurationIsVisible = 0;
			defaultConfigurationName = Release;
		};
		1F9922F92A81EB72000852CF /* Build configuration list for PBXNativeTarget "CoffeTimeMVC" */ = {
			isa = XCConfigurationList;
			buildConfigurations = (
				1F9922FA2A81EB72000852CF /* Debug */,
				1F9922FB2A81EB72000852CF /* Release */,
			);
			defaultConfigurationIsVisible = 0;
			defaultConfigurationName = Release;
		};
		1F9922FC2A81EB72000852CF /* Build configuration list for PBXNativeTarget "CoffeTimeMVCTests" */ = {
			isa = XCConfigurationList;
			buildConfigurations = (
				1F9922FD2A81EB72000852CF /* Debug */,
				1F9922FE2A81EB72000852CF /* Release */,
			);
			defaultConfigurationIsVisible = 0;
			defaultConfigurationName = Release;
		};
		1F9922FF2A81EB72000852CF /* Build configuration list for PBXNativeTarget "CoffeTimeMVCUITests" */ = {
			isa = XCConfigurationList;
			buildConfigurations = (
				1F9923002A81EB72000852CF /* Debug */,
				1F9923012A81EB72000852CF /* Release */,
			);
			defaultConfigurationIsVisible = 0;
			defaultConfigurationName = Release;
		};
/* End XCConfigurationList section */

/* Begin XCVersionGroup section */
		1F99230B2A81F7BB000852CF /* CoffeTimeDataList.xcdatamodeld */ = {
			isa = XCVersionGroup;
			children = (
				1F99230C2A81F7BB000852CF /* CoffeTimeDataList.xcdatamodel */,
			);
			currentVersion = 1F99230C2A81F7BB000852CF /* CoffeTimeDataList.xcdatamodel */;
			path = CoffeTimeDataList.xcdatamodeld;
			sourceTree = "<group>";
			versionGroupType = wrapper.xcdatamodel;
		};
/* End XCVersionGroup section */
	};
	rootObject = 1F9922C72A81EB71000852CF /* Project object */;
}
